PODS:
  - boost-for-react-native (1.63.0)
  - DoubleConversion (1.1.6)
  - FBLazyVector (0.63.5)
  - FBReactNativeSpec (0.63.5):
    - Folly (= 2020.01.13.00)
    - RCTRequired (= 0.63.5)
    - RCTTypeSafety (= 0.63.5)
    - React-Core (= 0.63.5)
    - React-jsi (= 0.63.5)
    - ReactCommon/turbomodule/core (= 0.63.5)
  - Folly (2020.01.13.00):
    - boost-for-react-native
    - DoubleConversion
    - Folly/Default (= 2020.01.13.00)
    - glog
  - Folly/Default (2020.01.13.00):
    - boost-for-react-native
    - DoubleConversion
    - glog
  - glog (0.3.5)
  - RCTRequired (0.63.5)
  - RCTTypeSafety (0.63.5):
    - FBLazyVector (= 0.63.5)
    - Folly (= 2020.01.13.00)
    - RCTRequired (= 0.63.5)
    - React-Core (= 0.63.5)
  - React (0.63.5):
    - React-Core (= 0.63.5)
    - React-Core/DevSupport (= 0.63.5)
    - React-Core/RCTWebSocket (= 0.63.5)
    - React-RCTActionSheet (= 0.63.5)
    - React-RCTAnimation (= 0.63.5)
    - React-RCTBlob (= 0.63.5)
    - React-RCTImage (= 0.63.5)
    - React-RCTLinking (= 0.63.5)
    - React-RCTNetwork (= 0.63.5)
    - React-RCTSettings (= 0.63.5)
    - React-RCTText (= 0.63.5)
    - React-RCTVibration (= 0.63.5)
  - React-callinvoker (0.63.5)
  - React-Core (0.63.5):
    - Folly (= 2020.01.13.00)
    - glog
    - React-Core/Default (= 0.63.5)
    - React-cxxreact (= 0.63.5)
    - React-jsi (= 0.63.5)
    - React-jsiexecutor (= 0.63.5)
    - Yoga
  - React-Core/CoreModulesHeaders (0.63.5):
    - Folly (= 2020.01.13.00)
    - glog
    - React-Core/Default
    - React-cxxreact (= 0.63.5)
    - React-jsi (= 0.63.5)
    - React-jsiexecutor (= 0.63.5)
    - Yoga
  - React-Core/Default (0.63.5):
    - Folly (= 2020.01.13.00)
    - glog
    - React-cxxreact (= 0.63.5)
    - React-jsi (= 0.63.5)
    - React-jsiexecutor (= 0.63.5)
    - Yoga
  - React-Core/DevSupport (0.63.5):
    - Folly (= 2020.01.13.00)
    - glog
    - React-Core/Default (= 0.63.5)
    - React-Core/RCTWebSocket (= 0.63.5)
    - React-cxxreact (= 0.63.5)
    - React-jsi (= 0.63.5)
    - React-jsiexecutor (= 0.63.5)
    - React-jsinspector (= 0.63.5)
    - Yoga
  - React-Core/RCTActionSheetHeaders (0.63.5):
    - Folly (= 2020.01.13.00)
    - glog
    - React-Core/Default
    - React-cxxreact (= 0.63.5)
    - React-jsi (= 0.63.5)
    - React-jsiexecutor (= 0.63.5)
    - Yoga
  - React-Core/RCTAnimationHeaders (0.63.5):
    - Folly (= 2020.01.13.00)
    - glog
    - React-Core/Default
    - React-cxxreact (= 0.63.5)
    - React-jsi (= 0.63.5)
    - React-jsiexecutor (= 0.63.5)
    - Yoga
  - React-Core/RCTBlobHeaders (0.63.5):
    - Folly (= 2020.01.13.00)
    - glog
    - React-Core/Default
    - React-cxxreact (= 0.63.5)
    - React-jsi (= 0.63.5)
    - React-jsiexecutor (= 0.63.5)
    - Yoga
  - React-Core/RCTImageHeaders (0.63.5):
    - Folly (= 2020.01.13.00)
    - glog
    - React-Core/Default
    - React-cxxreact (= 0.63.5)
    - React-jsi (= 0.63.5)
    - React-jsiexecutor (= 0.63.5)
    - Yoga
  - React-Core/RCTLinkingHeaders (0.63.5):
    - Folly (= 2020.01.13.00)
    - glog
    - React-Core/Default
    - React-cxxreact (= 0.63.5)
    - React-jsi (= 0.63.5)
    - React-jsiexecutor (= 0.63.5)
    - Yoga
  - React-Core/RCTNetworkHeaders (0.63.5):
    - Folly (= 2020.01.13.00)
    - glog
    - React-Core/Default
    - React-cxxreact (= 0.63.5)
    - React-jsi (= 0.63.5)
    - React-jsiexecutor (= 0.63.5)
    - Yoga
  - React-Core/RCTSettingsHeaders (0.63.5):
    - Folly (= 2020.01.13.00)
    - glog
    - React-Core/Default
    - React-cxxreact (= 0.63.5)
    - React-jsi (= 0.63.5)
    - React-jsiexecutor (= 0.63.5)
    - Yoga
  - React-Core/RCTTextHeaders (0.63.5):
    - Folly (= 2020.01.13.00)
    - glog
    - React-Core/Default
    - React-cxxreact (= 0.63.5)
    - React-jsi (= 0.63.5)
    - React-jsiexecutor (= 0.63.5)
    - Yoga
  - React-Core/RCTVibrationHeaders (0.63.5):
    - Folly (= 2020.01.13.00)
    - glog
    - React-Core/Default
    - React-cxxreact (= 0.63.5)
    - React-jsi (= 0.63.5)
    - React-jsiexecutor (= 0.63.5)
    - Yoga
  - React-Core/RCTWebSocket (0.63.5):
    - Folly (= 2020.01.13.00)
    - glog
    - React-Core/Default (= 0.63.5)
    - React-cxxreact (= 0.63.5)
    - React-jsi (= 0.63.5)
    - React-jsiexecutor (= 0.63.5)
    - Yoga
  - React-CoreModules (0.63.5):
    - FBReactNativeSpec (= 0.63.5)
    - Folly (= 2020.01.13.00)
    - RCTTypeSafety (= 0.63.5)
    - React-Core/CoreModulesHeaders (= 0.63.5)
    - React-jsi (= 0.63.5)
    - React-RCTImage (= 0.63.5)
    - ReactCommon/turbomodule/core (= 0.63.5)
  - React-cxxreact (0.63.5):
    - boost-for-react-native (= 1.63.0)
    - DoubleConversion
    - Folly (= 2020.01.13.00)
    - glog
    - React-callinvoker (= 0.63.5)
    - React-jsinspector (= 0.63.5)
  - React-jsi (0.63.5):
    - boost-for-react-native (= 1.63.0)
    - DoubleConversion
    - Folly (= 2020.01.13.00)
    - glog
    - React-jsi/Default (= 0.63.5)
  - React-jsi/Default (0.63.5):
    - boost-for-react-native (= 1.63.0)
    - DoubleConversion
    - Folly (= 2020.01.13.00)
    - glog
  - React-jsiexecutor (0.63.5):
    - DoubleConversion
    - Folly (= 2020.01.13.00)
    - glog
    - React-cxxreact (= 0.63.5)
    - React-jsi (= 0.63.5)
  - React-jsinspector (0.63.5)
  - react-native-ios-context-menu (1.15.2):
    - React-Core
  - react-native-safe-area-context (3.3.2):
    - React-Core
  - React-RCTActionSheet (0.63.5):
    - React-Core/RCTActionSheetHeaders (= 0.63.5)
  - React-RCTAnimation (0.63.5):
    - FBReactNativeSpec (= 0.63.5)
    - Folly (= 2020.01.13.00)
    - RCTTypeSafety (= 0.63.5)
    - React-Core/RCTAnimationHeaders (= 0.63.5)
    - React-jsi (= 0.63.5)
    - ReactCommon/turbomodule/core (= 0.63.5)
  - React-RCTBlob (0.63.5):
    - FBReactNativeSpec (= 0.63.5)
    - Folly (= 2020.01.13.00)
    - React-Core/RCTBlobHeaders (= 0.63.5)
    - React-Core/RCTWebSocket (= 0.63.5)
    - React-jsi (= 0.63.5)
    - React-RCTNetwork (= 0.63.5)
    - ReactCommon/turbomodule/core (= 0.63.5)
  - React-RCTImage (0.63.5):
    - FBReactNativeSpec (= 0.63.5)
    - Folly (= 2020.01.13.00)
    - RCTTypeSafety (= 0.63.5)
    - React-Core/RCTImageHeaders (= 0.63.5)
    - React-jsi (= 0.63.5)
    - React-RCTNetwork (= 0.63.5)
    - ReactCommon/turbomodule/core (= 0.63.5)
  - React-RCTLinking (0.63.5):
    - FBReactNativeSpec (= 0.63.5)
    - React-Core/RCTLinkingHeaders (= 0.63.5)
    - React-jsi (= 0.63.5)
    - ReactCommon/turbomodule/core (= 0.63.5)
  - React-RCTNetwork (0.63.5):
    - FBReactNativeSpec (= 0.63.5)
    - Folly (= 2020.01.13.00)
    - RCTTypeSafety (= 0.63.5)
    - React-Core/RCTNetworkHeaders (= 0.63.5)
    - React-jsi (= 0.63.5)
    - ReactCommon/turbomodule/core (= 0.63.5)
  - React-RCTSettings (0.63.5):
    - FBReactNativeSpec (= 0.63.5)
    - Folly (= 2020.01.13.00)
    - RCTTypeSafety (= 0.63.5)
    - React-Core/RCTSettingsHeaders (= 0.63.5)
    - React-jsi (= 0.63.5)
    - ReactCommon/turbomodule/core (= 0.63.5)
  - React-RCTText (0.63.5):
    - React-Core/RCTTextHeaders (= 0.63.5)
  - React-RCTVibration (0.63.5):
    - FBReactNativeSpec (= 0.63.5)
    - Folly (= 2020.01.13.00)
    - React-Core/RCTVibrationHeaders (= 0.63.5)
    - React-jsi (= 0.63.5)
    - ReactCommon/turbomodule/core (= 0.63.5)
  - ReactCommon/turbomodule/core (0.63.5):
    - DoubleConversion
    - Folly (= 2020.01.13.00)
    - glog
    - React-callinvoker (= 0.63.5)
    - React-Core (= 0.63.5)
    - React-cxxreact (= 0.63.5)
    - React-jsi (= 0.63.5)
  - RNScreens (3.10.2):
    - React-Core
    - React-RCTImage
  - Yoga (1.14.0)

DEPENDENCIES:
  - DoubleConversion (from `../node_modules/react-native/third-party-podspecs/DoubleConversion.podspec`)
  - FBLazyVector (from `../node_modules/react-native/Libraries/FBLazyVector`)
  - FBReactNativeSpec (from `../node_modules/react-native/Libraries/FBReactNativeSpec`)
  - Folly (from `../node_modules/react-native/third-party-podspecs/Folly.podspec`)
  - glog (from `../node_modules/react-native/third-party-podspecs/glog.podspec`)
  - RCTRequired (from `../node_modules/react-native/Libraries/RCTRequired`)
  - RCTTypeSafety (from `../node_modules/react-native/Libraries/TypeSafety`)
  - React (from `../node_modules/react-native/`)
  - React-callinvoker (from `../node_modules/react-native/ReactCommon/callinvoker`)
  - React-Core (from `../node_modules/react-native/`)
  - React-Core/DevSupport (from `../node_modules/react-native/`)
  - React-Core/RCTWebSocket (from `../node_modules/react-native/`)
  - React-CoreModules (from `../node_modules/react-native/React/CoreModules`)
  - React-cxxreact (from `../node_modules/react-native/ReactCommon/cxxreact`)
  - React-jsi (from `../node_modules/react-native/ReactCommon/jsi`)
  - React-jsiexecutor (from `../node_modules/react-native/ReactCommon/jsiexecutor`)
  - React-jsinspector (from `../node_modules/react-native/ReactCommon/jsinspector`)
  - react-native-ios-context-menu (from `../..`)
  - react-native-safe-area-context (from `../node_modules/react-native-safe-area-context`)
  - React-RCTActionSheet (from `../node_modules/react-native/Libraries/ActionSheetIOS`)
  - React-RCTAnimation (from `../node_modules/react-native/Libraries/NativeAnimation`)
  - React-RCTBlob (from `../node_modules/react-native/Libraries/Blob`)
  - React-RCTImage (from `../node_modules/react-native/Libraries/Image`)
  - React-RCTLinking (from `../node_modules/react-native/Libraries/LinkingIOS`)
  - React-RCTNetwork (from `../node_modules/react-native/Libraries/Network`)
  - React-RCTSettings (from `../node_modules/react-native/Libraries/Settings`)
  - React-RCTText (from `../node_modules/react-native/Libraries/Text`)
  - React-RCTVibration (from `../node_modules/react-native/Libraries/Vibration`)
  - ReactCommon/turbomodule/core (from `../node_modules/react-native/ReactCommon`)
  - RNScreens (from `../node_modules/react-native-screens`)
  - Yoga (from `../node_modules/react-native/ReactCommon/yoga`)

SPEC REPOS:
  trunk:
    - boost-for-react-native

EXTERNAL SOURCES:
  DoubleConversion:
    :podspec: "../node_modules/react-native/third-party-podspecs/DoubleConversion.podspec"
  FBLazyVector:
    :path: "../node_modules/react-native/Libraries/FBLazyVector"
  FBReactNativeSpec:
    :path: "../node_modules/react-native/Libraries/FBReactNativeSpec"
  Folly:
    :podspec: "../node_modules/react-native/third-party-podspecs/Folly.podspec"
  glog:
    :podspec: "../node_modules/react-native/third-party-podspecs/glog.podspec"
  RCTRequired:
    :path: "../node_modules/react-native/Libraries/RCTRequired"
  RCTTypeSafety:
    :path: "../node_modules/react-native/Libraries/TypeSafety"
  React:
    :path: "../node_modules/react-native/"
  React-callinvoker:
    :path: "../node_modules/react-native/ReactCommon/callinvoker"
  React-Core:
    :path: "../node_modules/react-native/"
  React-CoreModules:
    :path: "../node_modules/react-native/React/CoreModules"
  React-cxxreact:
    :path: "../node_modules/react-native/ReactCommon/cxxreact"
  React-jsi:
    :path: "../node_modules/react-native/ReactCommon/jsi"
  React-jsiexecutor:
    :path: "../node_modules/react-native/ReactCommon/jsiexecutor"
  React-jsinspector:
    :path: "../node_modules/react-native/ReactCommon/jsinspector"
  react-native-ios-context-menu:
    :path: "../.."
  react-native-safe-area-context:
    :path: "../node_modules/react-native-safe-area-context"
  React-RCTActionSheet:
    :path: "../node_modules/react-native/Libraries/ActionSheetIOS"
  React-RCTAnimation:
    :path: "../node_modules/react-native/Libraries/NativeAnimation"
  React-RCTBlob:
    :path: "../node_modules/react-native/Libraries/Blob"
  React-RCTImage:
    :path: "../node_modules/react-native/Libraries/Image"
  React-RCTLinking:
    :path: "../node_modules/react-native/Libraries/LinkingIOS"
  React-RCTNetwork:
    :path: "../node_modules/react-native/Libraries/Network"
  React-RCTSettings:
    :path: "../node_modules/react-native/Libraries/Settings"
  React-RCTText:
    :path: "../node_modules/react-native/Libraries/Text"
  React-RCTVibration:
    :path: "../node_modules/react-native/Libraries/Vibration"
  ReactCommon:
    :path: "../node_modules/react-native/ReactCommon"
  RNScreens:
    :path: "../node_modules/react-native-screens"
  Yoga:
    :path: "../node_modules/react-native/ReactCommon/yoga"

SPEC CHECKSUMS:
  boost-for-react-native: 39c7adb57c4e60d6c5479dd8623128eb5b3f0f2c
  DoubleConversion: cde416483dac037923206447da6e1454df403714
  FBLazyVector: 352a8ca9bbc8e2f097d680747a8c97ecef12d469
  FBReactNativeSpec: 7dfb84f624136a45727c813ed21d130cd3e61beb
  Folly: b73c3869541e86821df3c387eb0af5f65addfab4
  glog: 40a13f7840415b9a77023fbcae0f1e6f43192af3
  RCTRequired: 5520387431beaa5f32aa8726bf746cd5353119fe
  RCTTypeSafety: bc90d6e287fa427c50ed770922bac30faf0bbfa3
  React: 83a7f231f462b09260a53c5c51005e7659c66890
  React-callinvoker: 1c3fdb5562c792212e149637b8a167516bb4b58e
  React-Core: 8baca8644a516e772c77e3923697cfe2b58c1606
  React-CoreModules: 200c931e17b332024c2e9d878f67b87c00c2c83b
  React-cxxreact: 9096ebaeebf6a1475a14448fa8bfc380c13d7882
  React-jsi: 7d908b17758178b076a05a254523f1a4227b53d2
  React-jsiexecutor: e06a32e42affb2bd89e4c8369349b5fcf787710c
  React-jsinspector: fdbc08866b34ae8e1b788ea1cbd9f9d1ca2aa3d6
  react-native-ios-context-menu: 2963da8fbc71f040ff534eb6133c7f8cc1acdb6f
  react-native-safe-area-context: 584dc04881deb49474363f3be89e4ca0e854c057
  React-RCTActionSheet: e911b99f0d6fa7711ffc2f62d236b12a32771835
  React-RCTAnimation: ad8b853170a059faf31d6add34f67d22391bbe01
  React-RCTBlob: 134c7270b6672c9c05383b2e0f7f044ba39d7dda
  React-RCTImage: c5c74ba8850a193d73aef8efb8fcbb4f9cad7653
  React-RCTLinking: 12468e952704555c8cb4e3de94c7b5a266811326
  React-RCTNetwork: e9cfaeb9f3657ae91f895e798734141db6e1af5b
  React-RCTSettings: 9a09419bd5e8494f6e146e2c9f5c8e2c6e90ed58
  React-RCTText: 393f059d7ec02c733da57240694201e734f0dc84
  React-RCTVibration: 3e83f53610d63d3c1fc4db303305e934e73047cc
  ReactCommon: b9ff54b6dd22ba4a776eda22d7f83ec27544ca35
  RNScreens: d6da2b9e29cf523832c2542f47bf1287318b1868
  Yoga: 0276e9f20976c8568e107cfc1163a8629051adc0

PODFILE CHECKSUM: 81625e609ee17a1851dcc0d72e69724e6c6805ec

COCOAPODS: 1.11.3
