// !$*UTF8*$!
{
	archiveVersion = 1;
	classes = {
	};
	objectVersion = 46;
	objects = {

/* Begin PBXBuildFile section */
		8890730228F01003006D2AB3 /* UIMenu+Init.swift in Sources */ = {isa = PBXBuildFile; fileRef = 889072C428F01003006D2AB3 /* UIMenu+Init.swift */; };
		8890730328F01003006D2AB3 /* CAGradientLayerType+Init.swift in Sources */ = {isa = PBXBuildFile; fileRef = 889072C528F01003006D2AB3 /* CAGradientLayerType+Init.swift */; };
		8890730428F01003006D2AB3 /* UIMenuElement+Init.swift in Sources */ = {isa = PBXBuildFile; fileRef = 889072C628F01003006D2AB3 /* UIMenuElement+Init.swift */; };
		8890730528F01003006D2AB3 /* UIContextMenuInteractionCommitStyle+Init.swift in Sources */ = {isa = PBXBuildFile; fileRef = 889072C728F01003006D2AB3 /* UIContextMenuInteractionCommitStyle+Init.swift */; };
		8890730628F01003006D2AB3 /* UIViewAnimationOptions+Init.swift in Sources */ = {isa = PBXBuildFile; fileRef = 889072C828F01003006D2AB3 /* UIViewAnimationOptions+Init.swift */; };
		8890730728F01003006D2AB3 /* UIImage+Init.swift in Sources */ = {isa = PBXBuildFile; fileRef = 889072C928F01003006D2AB3 /* UIImage+Init.swift */; };
		8890730828F01003006D2AB3 /* UIColor+Helpers.swift in Sources */ = {isa = PBXBuildFile; fileRef = 889072CC28F01003006D2AB3 /* UIColor+Helpers.swift */; };
		8890730928F01003006D2AB3 /* Encodable+Helpers.swift in Sources */ = {isa = PBXBuildFile; fileRef = 889072CD28F01003006D2AB3 /* Encodable+Helpers.swift */; };
		8890730A28F01003006D2AB3 /* RNIImageMaker.swift in Sources */ = {isa = PBXBuildFile; fileRef = 889072D028F01003006D2AB3 /* RNIImageMaker.swift */; };
		8890730B28F01003006D2AB3 /* RNIImageLoadingConfig.swift in Sources */ = {isa = PBXBuildFile; fileRef = 889072D128F01003006D2AB3 /* RNIImageLoadingConfig.swift */; };
		8890730C28F01003006D2AB3 /* RNIImageOptions.swift in Sources */ = {isa = PBXBuildFile; fileRef = 889072D228F01003006D2AB3 /* RNIImageOptions.swift */; };
		8890730D28F01003006D2AB3 /* RNIRemoteURLImageLoadingConfig.swift in Sources */ = {isa = PBXBuildFile; fileRef = 889072D328F01003006D2AB3 /* RNIRemoteURLImageLoadingConfig.swift */; };
		8890730E28F01003006D2AB3 /* RNIImageRemoteURLMaker.swift in Sources */ = {isa = PBXBuildFile; fileRef = 889072D428F01003006D2AB3 /* RNIImageRemoteURLMaker.swift */; };
		8890730F28F01003006D2AB3 /* RNIImageGradientMaker.swift in Sources */ = {isa = PBXBuildFile; fileRef = 889072D528F01003006D2AB3 /* RNIImageGradientMaker.swift */; };
		8890731028F01003006D2AB3 /* RNIImageRequireMaker.swift in Sources */ = {isa = PBXBuildFile; fileRef = 889072D628F01003006D2AB3 /* RNIImageRequireMaker.swift */; };
		8890731128F01003006D2AB3 /* RNIImageSystemMaker.swift in Sources */ = {isa = PBXBuildFile; fileRef = 889072D728F01003006D2AB3 /* RNIImageSystemMaker.swift */; };
		8890731228F01003006D2AB3 /* RNIImageType.swift in Sources */ = {isa = PBXBuildFile; fileRef = 889072D828F01003006D2AB3 /* RNIImageType.swift */; };
		8890731328F01003006D2AB3 /* RNIImageItem.swift in Sources */ = {isa = PBXBuildFile; fileRef = 889072D928F01003006D2AB3 /* RNIImageItem.swift */; };
		8890731428F01003006D2AB3 /* RNIContextMenuButtonModule.swift in Sources */ = {isa = PBXBuildFile; fileRef = 889072DB28F01003006D2AB3 /* RNIContextMenuButtonModule.swift */; };
		8890731528F01003006D2AB3 /* RNIContextMenuButtonManager.m in Sources */ = {isa = PBXBuildFile; fileRef = 889072DC28F01003006D2AB3 /* RNIContextMenuButtonManager.m */; };
		8890731628F01003006D2AB3 /* RNIContextMenuButtonModule.m in Sources */ = {isa = PBXBuildFile; fileRef = 889072DD28F01003006D2AB3 /* RNIContextMenuButtonModule.m */; };
		8890731728F01003006D2AB3 /* RNIContextMenuButtonManager.swift in Sources */ = {isa = PBXBuildFile; fileRef = 889072DE28F01003006D2AB3 /* RNIContextMenuButtonManager.swift */; };
		8890731828F01003006D2AB3 /* RNIContextMenuButton.swift in Sources */ = {isa = PBXBuildFile; fileRef = 889072DF28F01003006D2AB3 /* RNIContextMenuButton.swift */; };
		8890731928F01003006D2AB3 /* RNIJSComponentWillUnmountNotifiable.swift in Sources */ = {isa = PBXBuildFile; fileRef = 889072E128F01003006D2AB3 /* RNIJSComponentWillUnmountNotifiable.swift */; };
		8890731A28F01003006D2AB3 /* RNICleanable.swift in Sources */ = {isa = PBXBuildFile; fileRef = 889072E228F01003006D2AB3 /* RNICleanable.swift */; };
		8890731B28F01004006D2AB3 /* RNICleanupMode.swift in Sources */ = {isa = PBXBuildFile; fileRef = 889072E328F01003006D2AB3 /* RNICleanupMode.swift */; };
		8890731C28F01004006D2AB3 /* RNIContextMenuViewManager.swift in Sources */ = {isa = PBXBuildFile; fileRef = 889072E528F01003006D2AB3 /* RNIContextMenuViewManager.swift */; };
		8890731D28F01004006D2AB3 /* RNIContextMenuView.swift in Sources */ = {isa = PBXBuildFile; fileRef = 889072E628F01003006D2AB3 /* RNIContextMenuView.swift */; };
		8890731E28F01004006D2AB3 /* RNIContextMenuViewModule.m in Sources */ = {isa = PBXBuildFile; fileRef = 889072E728F01003006D2AB3 /* RNIContextMenuViewModule.m */; };
		8890731F28F01004006D2AB3 /* RNIContextMenuViewModule.swift in Sources */ = {isa = PBXBuildFile; fileRef = 889072E828F01003006D2AB3 /* RNIContextMenuViewModule.swift */; };
		8890732028F01004006D2AB3 /* RNIContextMenuViewManager.m in Sources */ = {isa = PBXBuildFile; fileRef = 889072E928F01003006D2AB3 /* RNIContextMenuViewManager.m */; };
		8890732128F01004006D2AB3 /* RNIContextMenuPreviewController.swift in Sources */ = {isa = PBXBuildFile; fileRef = 889072EA28F01003006D2AB3 /* RNIContextMenuPreviewController.swift */; };
		8890732228F01004006D2AB3 /* RNINavigationEventsReportingViewController.swift in Sources */ = {isa = PBXBuildFile; fileRef = 889072EC28F01003006D2AB3 /* RNINavigationEventsReportingViewController.swift */; };
		8890732328F01004006D2AB3 /* RNINavigationEventsNotifiable.swift in Sources */ = {isa = PBXBuildFile; fileRef = 889072ED28F01003006D2AB3 /* RNINavigationEventsNotifiable.swift */; };
		8890732428F01004006D2AB3 /* RNIMenuIcon.swift in Sources */ = {isa = PBXBuildFile; fileRef = 889072EF28F01003006D2AB3 /* RNIMenuIcon.swift */; };
		8890732528F01004006D2AB3 /* RNIMenuPreviewConfig.swift in Sources */ = {isa = PBXBuildFile; fileRef = 889072F028F01003006D2AB3 /* RNIMenuPreviewConfig.swift */; };
		8890732628F01004006D2AB3 /* RNIMenuItem.swift in Sources */ = {isa = PBXBuildFile; fileRef = 889072F128F01003006D2AB3 /* RNIMenuItem.swift */; };
		8890732728F01004006D2AB3 /* RNIMenuElement.swift in Sources */ = {isa = PBXBuildFile; fileRef = 889072F228F01003006D2AB3 /* RNIMenuElement.swift */; };
		8890732828F01004006D2AB3 /* RNIContextMenuAuxiliaryPreviewConfig.swift in Sources */ = {isa = PBXBuildFile; fileRef = 889072F328F01003006D2AB3 /* RNIContextMenuAuxiliaryPreviewConfig.swift */; };
		8890732928F01004006D2AB3 /* RNIDeferredMenuElement.swift in Sources */ = {isa = PBXBuildFile; fileRef = 889072F428F01003006D2AB3 /* RNIDeferredMenuElement.swift */; };
		8890732A28F01004006D2AB3 /* RNIMenuElementEventsNotifiable.swift in Sources */ = {isa = PBXBuildFile; fileRef = 889072F528F01003006D2AB3 /* RNIMenuElementEventsNotifiable.swift */; };
		8890732B28F01004006D2AB3 /* RNIMenuActionItem.swift in Sources */ = {isa = PBXBuildFile; fileRef = 889072F628F01003006D2AB3 /* RNIMenuActionItem.swift */; };
		8890732C28F01004006D2AB3 /* RNIUtilities.swift in Sources */ = {isa = PBXBuildFile; fileRef = 889072F828F01003006D2AB3 /* RNIUtilities.swift */; };
		8890732D28F01004006D2AB3 /* RNIUtilitiesModule.m in Sources */ = {isa = PBXBuildFile; fileRef = 889072F928F01003006D2AB3 /* RNIUtilitiesModule.m */; };
		8890732E28F01004006D2AB3 /* RNIUtilitiesModule.swift in Sources */ = {isa = PBXBuildFile; fileRef = 889072FA28F01003006D2AB3 /* RNIUtilitiesModule.swift */; };
		8890732F28F01004006D2AB3 /* RNIWrapperViewManager.swift in Sources */ = {isa = PBXBuildFile; fileRef = 889072FC28F01003006D2AB3 /* RNIWrapperViewManager.swift */; };
		8890733028F01004006D2AB3 /* RNIWrapperView.swift in Sources */ = {isa = PBXBuildFile; fileRef = 889072FD28F01003006D2AB3 /* RNIWrapperView.swift */; };
		8890733128F01004006D2AB3 /* RNIWrapperViewEventsNotifiable.swift in Sources */ = {isa = PBXBuildFile; fileRef = 889072FE28F01003006D2AB3 /* RNIWrapperViewEventsNotifiable.swift */; };
		8890733228F01004006D2AB3 /* RNIWrapperViewModule.swift in Sources */ = {isa = PBXBuildFile; fileRef = 889072FF28F01003006D2AB3 /* RNIWrapperViewModule.swift */; };
		8890733328F01004006D2AB3 /* RNIWrapperViewManager.m in Sources */ = {isa = PBXBuildFile; fileRef = 8890730028F01003006D2AB3 /* RNIWrapperViewManager.m */; };
		8890733428F01004006D2AB3 /* RNIWrapperViewModule.m in Sources */ = {isa = PBXBuildFile; fileRef = 8890730128F01003006D2AB3 /* RNIWrapperViewModule.m */; };
/* End PBXBuildFile section */

/* Begin PBXCopyFilesBuildPhase section */
		58B511D91A9E6C8500147676 /* CopyFiles */ = {
			isa = PBXCopyFilesBuildPhase;
			buildActionMask = 2147483647;
			dstPath = "include/$(PRODUCT_NAME)";
			dstSubfolderSpec = 16;
			files = (
			);
			runOnlyForDeploymentPostprocessing = 0;
		};
/* End PBXCopyFilesBuildPhase section */

/* Begin PBXFileReference section */
		134814201AA4EA6300B7C361 /* libIosContextMenu.a */ = {isa = PBXFileReference; explicitFileType = archive.ar; includeInIndex = 0; path = libIosContextMenu.a; sourceTree = BUILT_PRODUCTS_DIR; };
		889072C428F01003006D2AB3 /* UIMenu+Init.swift */ = {isa = PBXFileReference; fileEncoding = 4; lastKnownFileType = sourcecode.swift; path = "UIMenu+Init.swift"; sourceTree = "<group>"; };
		889072C528F01003006D2AB3 /* CAGradientLayerType+Init.swift */ = {isa = PBXFileReference; fileEncoding = 4; lastKnownFileType = sourcecode.swift; path = "CAGradientLayerType+Init.swift"; sourceTree = "<group>"; };
		889072C628F01003006D2AB3 /* UIMenuElement+Init.swift */ = {isa = PBXFileReference; fileEncoding = 4; lastKnownFileType = sourcecode.swift; path = "UIMenuElement+Init.swift"; sourceTree = "<group>"; };
		889072C728F01003006D2AB3 /* UIContextMenuInteractionCommitStyle+Init.swift */ = {isa = PBXFileReference; fileEncoding = 4; lastKnownFileType = sourcecode.swift; path = "UIContextMenuInteractionCommitStyle+Init.swift"; sourceTree = "<group>"; };
		889072C828F01003006D2AB3 /* UIViewAnimationOptions+Init.swift */ = {isa = PBXFileReference; fileEncoding = 4; lastKnownFileType = sourcecode.swift; path = "UIViewAnimationOptions+Init.swift"; sourceTree = "<group>"; };
		889072C928F01003006D2AB3 /* UIImage+Init.swift */ = {isa = PBXFileReference; fileEncoding = 4; lastKnownFileType = sourcecode.swift; path = "UIImage+Init.swift"; sourceTree = "<group>"; };
		889072CA28F01003006D2AB3 /* IosContextMenu-Bridging-Header.h */ = {isa = PBXFileReference; fileEncoding = 4; lastKnownFileType = sourcecode.c.h; path = "IosContextMenu-Bridging-Header.h"; sourceTree = "<group>"; };
		889072CC28F01003006D2AB3 /* UIColor+Helpers.swift */ = {isa = PBXFileReference; fileEncoding = 4; lastKnownFileType = sourcecode.swift; path = "UIColor+Helpers.swift"; sourceTree = "<group>"; };
		889072CD28F01003006D2AB3 /* Encodable+Helpers.swift */ = {isa = PBXFileReference; fileEncoding = 4; lastKnownFileType = sourcecode.swift; path = "Encodable+Helpers.swift"; sourceTree = "<group>"; };
		889072D028F01003006D2AB3 /* RNIImageMaker.swift */ = {isa = PBXFileReference; fileEncoding = 4; lastKnownFileType = sourcecode.swift; path = RNIImageMaker.swift; sourceTree = "<group>"; };
		889072D128F01003006D2AB3 /* RNIImageLoadingConfig.swift */ = {isa = PBXFileReference; fileEncoding = 4; lastKnownFileType = sourcecode.swift; path = RNIImageLoadingConfig.swift; sourceTree = "<group>"; };
		889072D228F01003006D2AB3 /* RNIImageOptions.swift */ = {isa = PBXFileReference; fileEncoding = 4; lastKnownFileType = sourcecode.swift; path = RNIImageOptions.swift; sourceTree = "<group>"; };
		889072D328F01003006D2AB3 /* RNIRemoteURLImageLoadingConfig.swift */ = {isa = PBXFileReference; fileEncoding = 4; lastKnownFileType = sourcecode.swift; path = RNIRemoteURLImageLoadingConfig.swift; sourceTree = "<group>"; };
		889072D428F01003006D2AB3 /* RNIImageRemoteURLMaker.swift */ = {isa = PBXFileReference; fileEncoding = 4; lastKnownFileType = sourcecode.swift; path = RNIImageRemoteURLMaker.swift; sourceTree = "<group>"; };
		889072D528F01003006D2AB3 /* RNIImageGradientMaker.swift */ = {isa = PBXFileReference; fileEncoding = 4; lastKnownFileType = sourcecode.swift; path = RNIImageGradientMaker.swift; sourceTree = "<group>"; };
		889072D628F01003006D2AB3 /* RNIImageRequireMaker.swift */ = {isa = PBXFileReference; fileEncoding = 4; lastKnownFileType = sourcecode.swift; path = RNIImageRequireMaker.swift; sourceTree = "<group>"; };
		889072D728F01003006D2AB3 /* RNIImageSystemMaker.swift */ = {isa = PBXFileReference; fileEncoding = 4; lastKnownFileType = sourcecode.swift; path = RNIImageSystemMaker.swift; sourceTree = "<group>"; };
		889072D828F01003006D2AB3 /* RNIImageType.swift */ = {isa = PBXFileReference; fileEncoding = 4; lastKnownFileType = sourcecode.swift; path = RNIImageType.swift; sourceTree = "<group>"; };
		889072D928F01003006D2AB3 /* RNIImageItem.swift */ = {isa = PBXFileReference; fileEncoding = 4; lastKnownFileType = sourcecode.swift; path = RNIImageItem.swift; sourceTree = "<group>"; };
		889072DB28F01003006D2AB3 /* RNIContextMenuButtonModule.swift */ = {isa = PBXFileReference; fileEncoding = 4; lastKnownFileType = sourcecode.swift; path = RNIContextMenuButtonModule.swift; sourceTree = "<group>"; };
		889072DC28F01003006D2AB3 /* RNIContextMenuButtonManager.m */ = {isa = PBXFileReference; fileEncoding = 4; lastKnownFileType = sourcecode.c.objc; path = RNIContextMenuButtonManager.m; sourceTree = "<group>"; };
		889072DD28F01003006D2AB3 /* RNIContextMenuButtonModule.m */ = {isa = PBXFileReference; fileEncoding = 4; lastKnownFileType = sourcecode.c.objc; path = RNIContextMenuButtonModule.m; sourceTree = "<group>"; };
		889072DE28F01003006D2AB3 /* RNIContextMenuButtonManager.swift */ = {isa = PBXFileReference; fileEncoding = 4; lastKnownFileType = sourcecode.swift; path = RNIContextMenuButtonManager.swift; sourceTree = "<group>"; };
		889072DF28F01003006D2AB3 /* RNIContextMenuButton.swift */ = {isa = PBXFileReference; fileEncoding = 4; lastKnownFileType = sourcecode.swift; path = RNIContextMenuButton.swift; sourceTree = "<group>"; };
		889072E128F01003006D2AB3 /* RNIJSComponentWillUnmountNotifiable.swift */ = {isa = PBXFileReference; fileEncoding = 4; lastKnownFileType = sourcecode.swift; path = RNIJSComponentWillUnmountNotifiable.swift; sourceTree = "<group>"; };
		889072E228F01003006D2AB3 /* RNICleanable.swift */ = {isa = PBXFileReference; fileEncoding = 4; lastKnownFileType = sourcecode.swift; path = RNICleanable.swift; sourceTree = "<group>"; };
		889072E328F01003006D2AB3 /* RNICleanupMode.swift */ = {isa = PBXFileReference; fileEncoding = 4; lastKnownFileType = sourcecode.swift; path = RNICleanupMode.swift; sourceTree = "<group>"; };
		889072E528F01003006D2AB3 /* RNIContextMenuViewManager.swift */ = {isa = PBXFileReference; fileEncoding = 4; lastKnownFileType = sourcecode.swift; path = RNIContextMenuViewManager.swift; sourceTree = "<group>"; };
		889072E628F01003006D2AB3 /* RNIContextMenuView.swift */ = {isa = PBXFileReference; fileEncoding = 4; lastKnownFileType = sourcecode.swift; path = RNIContextMenuView.swift; sourceTree = "<group>"; };
		889072E728F01003006D2AB3 /* RNIContextMenuViewModule.m */ = {isa = PBXFileReference; fileEncoding = 4; lastKnownFileType = sourcecode.c.objc; path = RNIContextMenuViewModule.m; sourceTree = "<group>"; };
		889072E828F01003006D2AB3 /* RNIContextMenuViewModule.swift */ = {isa = PBXFileReference; fileEncoding = 4; lastKnownFileType = sourcecode.swift; path = RNIContextMenuViewModule.swift; sourceTree = "<group>"; };
		889072E928F01003006D2AB3 /* RNIContextMenuViewManager.m */ = {isa = PBXFileReference; fileEncoding = 4; lastKnownFileType = sourcecode.c.objc; path = RNIContextMenuViewManager.m; sourceTree = "<group>"; };
		889072EA28F01003006D2AB3 /* RNIContextMenuPreviewController.swift */ = {isa = PBXFileReference; fileEncoding = 4; lastKnownFileType = sourcecode.swift; path = RNIContextMenuPreviewController.swift; sourceTree = "<group>"; };
		889072EC28F01003006D2AB3 /* RNINavigationEventsReportingViewController.swift */ = {isa = PBXFileReference; fileEncoding = 4; lastKnownFileType = sourcecode.swift; path = RNINavigationEventsReportingViewController.swift; sourceTree = "<group>"; };
		889072ED28F01003006D2AB3 /* RNINavigationEventsNotifiable.swift */ = {isa = PBXFileReference; fileEncoding = 4; lastKnownFileType = sourcecode.swift; path = RNINavigationEventsNotifiable.swift; sourceTree = "<group>"; };
		889072EF28F01003006D2AB3 /* RNIMenuIcon.swift */ = {isa = PBXFileReference; fileEncoding = 4; lastKnownFileType = sourcecode.swift; path = RNIMenuIcon.swift; sourceTree = "<group>"; };
		889072F028F01003006D2AB3 /* RNIMenuPreviewConfig.swift */ = {isa = PBXFileReference; fileEncoding = 4; lastKnownFileType = sourcecode.swift; path = RNIMenuPreviewConfig.swift; sourceTree = "<group>"; };
		889072F128F01003006D2AB3 /* RNIMenuItem.swift */ = {isa = PBXFileReference; fileEncoding = 4; lastKnownFileType = sourcecode.swift; path = RNIMenuItem.swift; sourceTree = "<group>"; };
		889072F228F01003006D2AB3 /* RNIMenuElement.swift */ = {isa = PBXFileReference; fileEncoding = 4; lastKnownFileType = sourcecode.swift; path = RNIMenuElement.swift; sourceTree = "<group>"; };
		889072F328F01003006D2AB3 /* RNIContextMenuAuxiliaryPreviewConfig.swift */ = {isa = PBXFileReference; fileEncoding = 4; lastKnownFileType = sourcecode.swift; path = RNIContextMenuAuxiliaryPreviewConfig.swift; sourceTree = "<group>"; };
		889072F428F01003006D2AB3 /* RNIDeferredMenuElement.swift */ = {isa = PBXFileReference; fileEncoding = 4; lastKnownFileType = sourcecode.swift; path = RNIDeferredMenuElement.swift; sourceTree = "<group>"; };
		889072F528F01003006D2AB3 /* RNIMenuElementEventsNotifiable.swift */ = {isa = PBXFileReference; fileEncoding = 4; lastKnownFileType = sourcecode.swift; path = RNIMenuElementEventsNotifiable.swift; sourceTree = "<group>"; };
		889072F628F01003006D2AB3 /* RNIMenuActionItem.swift */ = {isa = PBXFileReference; fileEncoding = 4; lastKnownFileType = sourcecode.swift; path = RNIMenuActionItem.swift; sourceTree = "<group>"; };
		889072F828F01003006D2AB3 /* RNIUtilities.swift */ = {isa = PBXFileReference; fileEncoding = 4; lastKnownFileType = sourcecode.swift; path = RNIUtilities.swift; sourceTree = "<group>"; };
		889072F928F01003006D2AB3 /* RNIUtilitiesModule.m */ = {isa = PBXFileReference; fileEncoding = 4; lastKnownFileType = sourcecode.c.objc; path = RNIUtilitiesModule.m; sourceTree = "<group>"; };
		889072FA28F01003006D2AB3 /* RNIUtilitiesModule.swift */ = {isa = PBXFileReference; fileEncoding = 4; lastKnownFileType = sourcecode.swift; path = RNIUtilitiesModule.swift; sourceTree = "<group>"; };
		889072FC28F01003006D2AB3 /* RNIWrapperViewManager.swift */ = {isa = PBXFileReference; fileEncoding = 4; lastKnownFileType = sourcecode.swift; path = RNIWrapperViewManager.swift; sourceTree = "<group>"; };
		889072FD28F01003006D2AB3 /* RNIWrapperView.swift */ = {isa = PBXFileReference; fileEncoding = 4; lastKnownFileType = sourcecode.swift; path = RNIWrapperView.swift; sourceTree = "<group>"; };
		889072FE28F01003006D2AB3 /* RNIWrapperViewEventsNotifiable.swift */ = {isa = PBXFileReference; fileEncoding = 4; lastKnownFileType = sourcecode.swift; path = RNIWrapperViewEventsNotifiable.swift; sourceTree = "<group>"; };
		889072FF28F01003006D2AB3 /* RNIWrapperViewModule.swift */ = {isa = PBXFileReference; fileEncoding = 4; lastKnownFileType = sourcecode.swift; path = RNIWrapperViewModule.swift; sourceTree = "<group>"; };
		8890730028F01003006D2AB3 /* RNIWrapperViewManager.m */ = {isa = PBXFileReference; fileEncoding = 4; lastKnownFileType = sourcecode.c.objc; path = RNIWrapperViewManager.m; sourceTree = "<group>"; };
		8890730128F01003006D2AB3 /* RNIWrapperViewModule.m */ = {isa = PBXFileReference; fileEncoding = 4; lastKnownFileType = sourcecode.c.objc; path = RNIWrapperViewModule.m; sourceTree = "<group>"; };
/* End PBXFileReference section */

/* Begin PBXFrameworksBuildPhase section */
		58B511D81A9E6C8500147676 /* Frameworks */ = {
			isa = PBXFrameworksBuildPhase;
			buildActionMask = 2147483647;
			files = (
			);
			runOnlyForDeploymentPostprocessing = 0;
		};
/* End PBXFrameworksBuildPhase section */

/* Begin PBXGroup section */
		134814211AA4EA7D00B7C361 /* Products */ = {
			isa = PBXGroup;
			children = (
				134814201AA4EA6300B7C361 /* libIosContextMenu.a */,
			);
			name = Products;
			sourceTree = "<group>";
		};
		58B511D21A9E6C8500147676 = {
			isa = PBXGroup;
			children = (
				889072C228F01003006D2AB3 /* src */,
				134814211AA4EA7D00B7C361 /* Products */,
			);
			sourceTree = "<group>";
		};
		889072C228F01003006D2AB3 /* src */ = {
			isa = PBXGroup;
			children = (
				889072C328F01003006D2AB3 /* Extensions+Init */,
				889072CA28F01003006D2AB3 /* IosContextMenu-Bridging-Header.h */,
				889072CB28F01003006D2AB3 /* Extensions */,
				889072CE28F01003006D2AB3 /* ReactNative */,
			);
			path = src;
			sourceTree = "<group>";
		};
		889072C328F01003006D2AB3 /* Extensions+Init */ = {
			isa = PBXGroup;
			children = (
				889072C428F01003006D2AB3 /* UIMenu+Init.swift */,
				889072C528F01003006D2AB3 /* CAGradientLayerType+Init.swift */,
				889072C628F01003006D2AB3 /* UIMenuElement+Init.swift */,
				889072C728F01003006D2AB3 /* UIContextMenuInteractionCommitStyle+Init.swift */,
				889072C828F01003006D2AB3 /* UIViewAnimationOptions+Init.swift */,
				889072C928F01003006D2AB3 /* UIImage+Init.swift */,
			);
			path = "Extensions+Init";
			sourceTree = "<group>";
		};
		889072CB28F01003006D2AB3 /* Extensions */ = {
			isa = PBXGroup;
			children = (
				889072CC28F01003006D2AB3 /* UIColor+Helpers.swift */,
				889072CD28F01003006D2AB3 /* Encodable+Helpers.swift */,
			);
			path = Extensions;
			sourceTree = "<group>";
		};
		889072CE28F01003006D2AB3 /* ReactNative */ = {
			isa = PBXGroup;
			children = (
				889072CF28F01003006D2AB3 /* RNIImage */,
				889072DA28F01003006D2AB3 /* RNIContextMenuButton */,
				889072E028F01003006D2AB3 /* RNIMisc */,
				889072E428F01003006D2AB3 /* RNIContextMenuView */,
				889072EB28F01003006D2AB3 /* RNINavigationEventsReporting */,
				889072EE28F01003006D2AB3 /* RNIContextMenu */,
				889072F728F01003006D2AB3 /* RNIUtilities */,
				889072FB28F01003006D2AB3 /* RNIWrapperView */,
			);
			path = ReactNative;
			sourceTree = "<group>";
		};
		889072CF28F01003006D2AB3 /* RNIImage */ = {
			isa = PBXGroup;
			children = (
				889072D028F01003006D2AB3 /* RNIImageMaker.swift */,
				889072D128F01003006D2AB3 /* RNIImageLoadingConfig.swift */,
				889072D228F01003006D2AB3 /* RNIImageOptions.swift */,
				889072D328F01003006D2AB3 /* RNIRemoteURLImageLoadingConfig.swift */,
				889072D428F01003006D2AB3 /* RNIImageRemoteURLMaker.swift */,
				889072D528F01003006D2AB3 /* RNIImageGradientMaker.swift */,
				889072D628F01003006D2AB3 /* RNIImageRequireMaker.swift */,
				889072D728F01003006D2AB3 /* RNIImageSystemMaker.swift */,
				889072D828F01003006D2AB3 /* RNIImageType.swift */,
				889072D928F01003006D2AB3 /* RNIImageItem.swift */,
			);
			path = RNIImage;
			sourceTree = "<group>";
		};
		889072DA28F01003006D2AB3 /* RNIContextMenuButton */ = {
			isa = PBXGroup;
			children = (
				889072DB28F01003006D2AB3 /* RNIContextMenuButtonModule.swift */,
				889072DC28F01003006D2AB3 /* RNIContextMenuButtonManager.m */,
				889072DD28F01003006D2AB3 /* RNIContextMenuButtonModule.m */,
				889072DE28F01003006D2AB3 /* RNIContextMenuButtonManager.swift */,
				889072DF28F01003006D2AB3 /* RNIContextMenuButton.swift */,
			);
			path = RNIContextMenuButton;
			sourceTree = "<group>";
		};
		889072E028F01003006D2AB3 /* RNIMisc */ = {
			isa = PBXGroup;
			children = (
				889072E128F01003006D2AB3 /* RNIJSComponentWillUnmountNotifiable.swift */,
				889072E228F01003006D2AB3 /* RNICleanable.swift */,
				889072E328F01003006D2AB3 /* RNICleanupMode.swift */,
			);
			path = RNIMisc;
			sourceTree = "<group>";
		};
		889072E428F01003006D2AB3 /* RNIContextMenuView */ = {
			isa = PBXGroup;
			children = (
				889072E528F01003006D2AB3 /* RNIContextMenuViewManager.swift */,
				889072E628F01003006D2AB3 /* RNIContextMenuView.swift */,
				889072E728F01003006D2AB3 /* RNIContextMenuViewModule.m */,
				889072E828F01003006D2AB3 /* RNIContextMenuViewModule.swift */,
				889072E928F01003006D2AB3 /* RNIContextMenuViewManager.m */,
				889072EA28F01003006D2AB3 /* RNIContextMenuPreviewController.swift */,
			);
			path = RNIContextMenuView;
			sourceTree = "<group>";
		};
		889072EB28F01003006D2AB3 /* RNINavigationEventsReporting */ = {
			isa = PBXGroup;
			children = (
				889072EC28F01003006D2AB3 /* RNINavigationEventsReportingViewController.swift */,
				889072ED28F01003006D2AB3 /* RNINavigationEventsNotifiable.swift */,
			);
			path = RNINavigationEventsReporting;
			sourceTree = "<group>";
		};
		889072EE28F01003006D2AB3 /* RNIContextMenu */ = {
			isa = PBXGroup;
			children = (
				889072EF28F01003006D2AB3 /* RNIMenuIcon.swift */,
				889072F028F01003006D2AB3 /* RNIMenuPreviewConfig.swift */,
				889072F128F01003006D2AB3 /* RNIMenuItem.swift */,
				889072F228F01003006D2AB3 /* RNIMenuElement.swift */,
				889072F328F01003006D2AB3 /* RNIContextMenuAuxiliaryPreviewConfig.swift */,
				889072F428F01003006D2AB3 /* RNIDeferredMenuElement.swift */,
				889072F528F01003006D2AB3 /* RNIMenuElementEventsNotifiable.swift */,
				889072F628F01003006D2AB3 /* RNIMenuActionItem.swift */,
			);
			path = RNIContextMenu;
			sourceTree = "<group>";
		};
		889072F728F01003006D2AB3 /* RNIUtilities */ = {
			isa = PBXGroup;
			children = (
				889072F828F01003006D2AB3 /* RNIUtilities.swift */,
				889072F928F01003006D2AB3 /* RNIUtilitiesModule.m */,
				889072FA28F01003006D2AB3 /* RNIUtilitiesModule.swift */,
			);
			path = RNIUtilities;
			sourceTree = "<group>";
		};
		889072FB28F01003006D2AB3 /* RNIWrapperView */ = {
			isa = PBXGroup;
			children = (
				889072FC28F01003006D2AB3 /* RNIWrapperViewManager.swift */,
				889072FD28F01003006D2AB3 /* RNIWrapperView.swift */,
				889072FE28F01003006D2AB3 /* RNIWrapperViewEventsNotifiable.swift */,
				889072FF28F01003006D2AB3 /* RNIWrapperViewModule.swift */,
				8890730028F01003006D2AB3 /* RNIWrapperViewManager.m */,
				8890730128F01003006D2AB3 /* RNIWrapperViewModule.m */,
			);
			path = RNIWrapperView;
			sourceTree = "<group>";
		};
/* End PBXGroup section */

/* Begin PBXNativeTarget section */
		58B511DA1A9E6C8500147676 /* IosContextMenu */ = {
			isa = PBXNativeTarget;
			buildConfigurationList = 58B511EF1A9E6C8500147676 /* Build configuration list for PBXNativeTarget "IosContextMenu" */;
			buildPhases = (
				58B511D71A9E6C8500147676 /* Sources */,
				58B511D81A9E6C8500147676 /* Frameworks */,
				58B511D91A9E6C8500147676 /* CopyFiles */,
			);
			buildRules = (
			);
			dependencies = (
			);
			name = IosContextMenu;
			productName = RCTDataManager;
			productReference = 134814201AA4EA6300B7C361 /* libIosContextMenu.a */;
			productType = "com.apple.product-type.library.static";
		};
/* End PBXNativeTarget section */

/* Begin PBXProject section */
		58B511D31A9E6C8500147676 /* Project object */ = {
			isa = PBXProject;
			attributes = {
				LastUpgradeCheck = 0920;
				ORGANIZATIONNAME = Facebook;
				TargetAttributes = {
					58B511DA1A9E6C8500147676 = {
						CreatedOnToolsVersion = 6.1.1;
					};
				};
			};
			buildConfigurationList = 58B511D61A9E6C8500147676 /* Build configuration list for PBXProject "IosContextMenu" */;
			compatibilityVersion = "Xcode 3.2";
			developmentRegion = English;
			hasScannedForEncodings = 0;
			knownRegions = (
				English,
				en,
			);
			mainGroup = 58B511D21A9E6C8500147676;
			productRefGroup = 58B511D21A9E6C8500147676;
			projectDirPath = "";
			projectRoot = "";
			targets = (
				58B511DA1A9E6C8500147676 /* IosContextMenu */,
			);
		};
/* End PBXProject section */

/* Begin PBXSourcesBuildPhase section */
		58B511D71A9E6C8500147676 /* Sources */ = {
			isa = PBXSourcesBuildPhase;
			buildActionMask = 2147483647;
			files = (
				8890733428F01004006D2AB3 /* RNIWrapperViewModule.m in Sources */,
				8890731E28F01004006D2AB3 /* RNIContextMenuViewModule.m in Sources */,
				8890730228F01003006D2AB3 /* UIMenu+Init.swift in Sources */,
				8890733328F01004006D2AB3 /* RNIWrapperViewManager.m in Sources */,
				8890732D28F01004006D2AB3 /* RNIUtilitiesModule.m in Sources */,
				8890730328F01003006D2AB3 /* CAGradientLayerType+Init.swift in Sources */,
				8890730B28F01003006D2AB3 /* RNIImageLoadingConfig.swift in Sources */,
				8890731A28F01003006D2AB3 /* RNICleanable.swift in Sources */,
				8890732628F01004006D2AB3 /* RNIMenuItem.swift in Sources */,
				8890730828F01003006D2AB3 /* UIColor+Helpers.swift in Sources */,
				8890731428F01003006D2AB3 /* RNIContextMenuButtonModule.swift in Sources */,
				8890732528F01004006D2AB3 /* RNIMenuPreviewConfig.swift in Sources */,
				8890731028F01003006D2AB3 /* RNIImageRequireMaker.swift in Sources */,
				8890731128F01003006D2AB3 /* RNIImageSystemMaker.swift in Sources */,
				8890732128F01004006D2AB3 /* RNIContextMenuPreviewController.swift in Sources */,
				8890732228F01004006D2AB3 /* RNINavigationEventsReportingViewController.swift in Sources */,
				8890733028F01004006D2AB3 /* RNIWrapperView.swift in Sources */,
				8890732B28F01004006D2AB3 /* RNIMenuActionItem.swift in Sources */,
				8890731328F01003006D2AB3 /* RNIImageItem.swift in Sources */,
				8890731D28F01004006D2AB3 /* RNIContextMenuView.swift in Sources */,
				8890731928F01003006D2AB3 /* RNIJSComponentWillUnmountNotifiable.swift in Sources */,
				8890731228F01003006D2AB3 /* RNIImageType.swift in Sources */,
				8890732728F01004006D2AB3 /* RNIMenuElement.swift in Sources */,
				8890731B28F01004006D2AB3 /* RNICleanupMode.swift in Sources */,
				8890731628F01003006D2AB3 /* RNIContextMenuButtonModule.m in Sources */,
				8890732A28F01004006D2AB3 /* RNIMenuElementEventsNotifiable.swift in Sources */,
				8890731F28F01004006D2AB3 /* RNIContextMenuViewModule.swift in Sources */,
				8890732028F01004006D2AB3 /* RNIContextMenuViewManager.m in Sources */,
				8890730C28F01003006D2AB3 /* RNIImageOptions.swift in Sources */,
				8890732F28F01004006D2AB3 /* RNIWrapperViewManager.swift in Sources */,
				8890732428F01004006D2AB3 /* RNIMenuIcon.swift in Sources */,
				8890730E28F01003006D2AB3 /* RNIImageRemoteURLMaker.swift in Sources */,
				8890730A28F01003006D2AB3 /* RNIImageMaker.swift in Sources */,
				8890730628F01003006D2AB3 /* UIViewAnimationOptions+Init.swift in Sources */,
				8890731728F01003006D2AB3 /* RNIContextMenuButtonManager.swift in Sources */,
				8890731C28F01004006D2AB3 /* RNIContextMenuViewManager.swift in Sources */,
				8890732328F01004006D2AB3 /* RNINavigationEventsNotifiable.swift in Sources */,
				8890730728F01003006D2AB3 /* UIImage+Init.swift in Sources */,
				8890731528F01003006D2AB3 /* RNIContextMenuButtonManager.m in Sources */,
				8890732928F01004006D2AB3 /* RNIDeferredMenuElement.swift in Sources */,
				8890733128F01004006D2AB3 /* RNIWrapperViewEventsNotifiable.swift in Sources */,
				8890732828F01004006D2AB3 /* RNIContextMenuAuxiliaryPreviewConfig.swift in Sources */,
				8890730928F01003006D2AB3 /* Encodable+Helpers.swift in Sources */,
				8890732C28F01004006D2AB3 /* RNIUtilities.swift in Sources */,
				8890732E28F01004006D2AB3 /* RNIUtilitiesModule.swift in Sources */,
				8890730F28F01003006D2AB3 /* RNIImageGradientMaker.swift in Sources */,
				8890730528F01003006D2AB3 /* UIContextMenuInteractionCommitStyle+Init.swift in Sources */,
				8890730D28F01003006D2AB3 /* RNIRemoteURLImageLoadingConfig.swift in Sources */,
				8890731828F01003006D2AB3 /* RNIContextMenuButton.swift in Sources */,
				8890730428F01003006D2AB3 /* UIMenuElement+Init.swift in Sources */,
				8890733228F01004006D2AB3 /* RNIWrapperViewModule.swift in Sources */,
			);
			runOnlyForDeploymentPostprocessing = 0;
		};
/* End PBXSourcesBuildPhase section */

/* Begin XCBuildConfiguration section */
		58B511ED1A9E6C8500147676 /* Debug */ = {
			isa = XCBuildConfiguration;
			buildSettings = {
				ALWAYS_SEARCH_USER_PATHS = NO;
				CLANG_CXX_LANGUAGE_STANDARD = "gnu++0x";
				CLANG_CXX_LIBRARY = "libc++";
				CLANG_ENABLE_MODULES = YES;
				CLANG_ENABLE_OBJC_ARC = YES;
				CLANG_WARN_BLOCK_CAPTURE_AUTORELEASING = YES;
				CLANG_WARN_BOOL_CONVERSION = YES;
				CLANG_WARN_COMMA = YES;
				CLANG_WARN_CONSTANT_CONVERSION = YES;
				CLANG_WARN_DIRECT_OBJC_ISA_USAGE = YES_ERROR;
				CLANG_WARN_EMPTY_BODY = YES;
				CLANG_WARN_ENUM_CONVERSION = YES;
				CLANG_WARN_INFINITE_RECURSION = YES;
				CLANG_WARN_INT_CONVERSION = YES;
				CLANG_WARN_NON_LITERAL_NULL_CONVERSION = YES;
				CLANG_WARN_OBJC_LITERAL_CONVERSION = YES;
				CLANG_WARN_OBJC_ROOT_CLASS = YES_ERROR;
				CLANG_WARN_RANGE_LOOP_ANALYSIS = YES;
				CLANG_WARN_STRICT_PROTOTYPES = YES;
				CLANG_WARN_SUSPICIOUS_MOVE = YES;
				CLANG_WARN_UNREACHABLE_CODE = YES;
				CLANG_WARN__DUPLICATE_METHOD_MATCH = YES;
				COPY_PHASE_STRIP = NO;
				ENABLE_STRICT_OBJC_MSGSEND = YES;
				ENABLE_TESTABILITY = YES;
				GCC_C_LANGUAGE_STANDARD = gnu99;
				GCC_DYNAMIC_NO_PIC = NO;
				GCC_NO_COMMON_BLOCKS = YES;
				GCC_OPTIMIZATION_LEVEL = 0;
				GCC_PREPROCESSOR_DEFINITIONS = (
					"DEBUG=1",
					"$(inherited)",
				);
				GCC_SYMBOLS_PRIVATE_EXTERN = NO;
				GCC_WARN_64_TO_32_BIT_CONVERSION = YES;
				GCC_WARN_ABOUT_RETURN_TYPE = YES_ERROR;
				GCC_WARN_UNDECLARED_SELECTOR = YES;
				GCC_WARN_UNINITIALIZED_AUTOS = YES_AGGRESSIVE;
				GCC_WARN_UNUSED_FUNCTION = YES;
				GCC_WARN_UNUSED_VARIABLE = YES;
				IPHONEOS_DEPLOYMENT_TARGET = 8.0;
				MTL_ENABLE_DEBUG_INFO = YES;
				ONLY_ACTIVE_ARCH = YES;
				SDKROOT = iphoneos;
			};
			name = Debug;
		};
		58B511EE1A9E6C8500147676 /* Release */ = {
			isa = XCBuildConfiguration;
			buildSettings = {
				ALWAYS_SEARCH_USER_PATHS = NO;
				CLANG_CXX_LANGUAGE_STANDARD = "gnu++0x";
				CLANG_CXX_LIBRARY = "libc++";
				CLANG_ENABLE_MODULES = YES;
				CLANG_ENABLE_OBJC_ARC = YES;
				CLANG_WARN_BLOCK_CAPTURE_AUTORELEASING = YES;
				CLANG_WARN_BOOL_CONVERSION = YES;
				CLANG_WARN_COMMA = YES;
				CLANG_WARN_CONSTANT_CONVERSION = YES;
				CLANG_WARN_DIRECT_OBJC_ISA_USAGE = YES_ERROR;
				CLANG_WARN_EMPTY_BODY = YES;
				CLANG_WARN_ENUM_CONVERSION = YES;
				CLANG_WARN_INFINITE_RECURSION = YES;
				CLANG_WARN_INT_CONVERSION = YES;
				CLANG_WARN_NON_LITERAL_NULL_CONVERSION = YES;
				CLANG_WARN_OBJC_LITERAL_CONVERSION = YES;
				CLANG_WARN_OBJC_ROOT_CLASS = YES_ERROR;
				CLANG_WARN_RANGE_LOOP_ANALYSIS = YES;
				CLANG_WARN_STRICT_PROTOTYPES = YES;
				CLANG_WARN_SUSPICIOUS_MOVE = YES;
				CLANG_WARN_UNREACHABLE_CODE = YES;
				CLANG_WARN__DUPLICATE_METHOD_MATCH = YES;
				COPY_PHASE_STRIP = YES;
				ENABLE_NS_ASSERTIONS = NO;
				ENABLE_STRICT_OBJC_MSGSEND = YES;
				GCC_C_LANGUAGE_STANDARD = gnu99;
				GCC_NO_COMMON_BLOCKS = YES;
				GCC_WARN_64_TO_32_BIT_CONVERSION = YES;
				GCC_WARN_ABOUT_RETURN_TYPE = YES_ERROR;
				GCC_WARN_UNDECLARED_SELECTOR = YES;
				GCC_WARN_UNINITIALIZED_AUTOS = YES_AGGRESSIVE;
				GCC_WARN_UNUSED_FUNCTION = YES;
				GCC_WARN_UNUSED_VARIABLE = YES;
				IPHONEOS_DEPLOYMENT_TARGET = 8.0;
				MTL_ENABLE_DEBUG_INFO = NO;
				SDKROOT = iphoneos;
				VALIDATE_PRODUCT = YES;
			};
			name = Release;
		};
		58B511F01A9E6C8500147676 /* Debug */ = {
			isa = XCBuildConfiguration;
			buildSettings = {
				HEADER_SEARCH_PATHS = (
					"$(inherited)",
					/Applications/Xcode.app/Contents/Developer/Toolchains/XcodeDefault.xctoolchain/usr/include,
					"$(SRCROOT)/../../../React/**",
					"$(SRCROOT)/../../react-native/React/**",
				);
				LIBRARY_SEARCH_PATHS = "$(inherited)";
				OTHER_LDFLAGS = "-ObjC";
				PRODUCT_NAME = IosContextMenu;
				SKIP_INSTALL = YES;
				SWIFT_OBJC_BRIDGING_HEADER = "src/IosContextMenu-Bridging-Header.h";
				SWIFT_OPTIMIZATION_LEVEL = "-Onone";
				SWIFT_VERSION = 5.0;
			};
			name = Debug;
		};
		58B511F11A9E6C8500147676 /* Release */ = {
			isa = XCBuildConfiguration;
			buildSettings = {
				HEADER_SEARCH_PATHS = (
					"$(inherited)",
					/Applications/Xcode.app/Contents/Developer/Toolchains/XcodeDefault.xctoolchain/usr/include,
					"$(SRCROOT)/../../../React/**",
					"$(SRCROOT)/../../react-native/React/**",
				);
				LIBRARY_SEARCH_PATHS = "$(inherited)";
				OTHER_LDFLAGS = "-ObjC";
				PRODUCT_NAME = IosContextMenu;
				SKIP_INSTALL = YES;
				SWIFT_OBJC_BRIDGING_HEADER = "src/IosContextMenu-Bridging-Header.h";
				SWIFT_VERSION = 5.0;
			};
			name = Release;
		};
/* End XCBuildConfiguration section */

/* Begin XCConfigurationList section */
		58B511D61A9E6C8500147676 /* Build configuration list for PBXProject "IosContextMenu" */ = {
			isa = XCConfigurationList;
			buildConfigurations = (
				58B511ED1A9E6C8500147676 /* Debug */,
				58B511EE1A9E6C8500147676 /* Release */,
			);
			defaultConfigurationIsVisible = 0;
			defaultConfigurationName = Release;
		};
		58B511EF1A9E6C8500147676 /* Build configuration list for PBXNativeTarget "IosContextMenu" */ = {
			isa = XCConfigurationList;
			buildConfigurations = (
				58B511F01A9E6C8500147676 /* Debug */,
				58B511F11A9E6C8500147676 /* Release */,
			);
			defaultConfigurationIsVisible = 0;
			defaultConfigurationName = Release;
		};
/* End XCConfigurationList section */
	};
	rootObject = 58B511D31A9E6C8500147676 /* Project object */;
}
