// !$*UTF8*$!
{
	archiveVersion = 1;
	classes = {
	};
	objectVersion = 46;
	objects = {

/* Begin PBXBuildFile section */
		88B468E62750D95600A4FF45 /* UIMenu+Init.swift in Sources */ = {isa = PBXBuildFile; fileRef = 88B468C22750D95500A4FF45 /* UIMenu+Init.swift */; };
		88B468E72750D95600A4FF45 /* CAGradientLayerType+Init.swift in Sources */ = {isa = PBXBuildFile; fileRef = 88B468C32750D95500A4FF45 /* CAGradientLayerType+Init.swift */; };
		88B468E82750D95600A4FF45 /* UIMenuElement+Init.swift in Sources */ = {isa = PBXBuildFile; fileRef = 88B468C42750D95500A4FF45 /* UIMenuElement+Init.swift */; };
		88B468E92750D95600A4FF45 /* UIContextMenuInteractionCommitStyle+Init.swift in Sources */ = {isa = PBXBuildFile; fileRef = 88B468C52750D95500A4FF45 /* UIContextMenuInteractionCommitStyle+Init.swift */; };
		88B468EA2750D95600A4FF45 /* UIImage+Init.swift in Sources */ = {isa = PBXBuildFile; fileRef = 88B468C62750D95500A4FF45 /* UIImage+Init.swift */; };
		88B468EB2750D95600A4FF45 /* UIColor+Helpers.swift in Sources */ = {isa = PBXBuildFile; fileRef = 88B468C92750D95500A4FF45 /* UIColor+Helpers.swift */; };
		88B468EC2750D95600A4FF45 /* Encodable+Helpers.swift in Sources */ = {isa = PBXBuildFile; fileRef = 88B468CA2750D95500A4FF45 /* Encodable+Helpers.swift */; };
		88B468ED2750D95600A4FF45 /* RNIContextMenuButtonManager.m in Sources */ = {isa = PBXBuildFile; fileRef = 88B468CD2750D95500A4FF45 /* RNIContextMenuButtonManager.m */; };
		88B468EE2750D95600A4FF45 /* RNIContextMenuButtonManager.swift in Sources */ = {isa = PBXBuildFile; fileRef = 88B468CE2750D95500A4FF45 /* RNIContextMenuButtonManager.swift */; };
		88B468EF2750D95600A4FF45 /* RNIContextMenuButton.swift in Sources */ = {isa = PBXBuildFile; fileRef = 88B468CF2750D95500A4FF45 /* RNIContextMenuButton.swift */; };
		88B468F02750D95600A4FF45 /* RNIContextMenuViewManager.swift in Sources */ = {isa = PBXBuildFile; fileRef = 88B468D12750D95600A4FF45 /* RNIContextMenuViewManager.swift */; };
		88B468F12750D95600A4FF45 /* RNIContextMenuView.swift in Sources */ = {isa = PBXBuildFile; fileRef = 88B468D22750D95600A4FF45 /* RNIContextMenuView.swift */; };
		88B468F22750D95600A4FF45 /* RNIContextMenuViewModule.m in Sources */ = {isa = PBXBuildFile; fileRef = 88B468D32750D95600A4FF45 /* RNIContextMenuViewModule.m */; };
		88B468F32750D95600A4FF45 /* RNIContextMenuViewModule.swift in Sources */ = {isa = PBXBuildFile; fileRef = 88B468D42750D95600A4FF45 /* RNIContextMenuViewModule.swift */; };
		88B468F42750D95600A4FF45 /* RNIContextMenuViewManager.m in Sources */ = {isa = PBXBuildFile; fileRef = 88B468D52750D95600A4FF45 /* RNIContextMenuViewManager.m */; };
		88B468F52750D95700A4FF45 /* RNIContextMenuPreviewController.swift in Sources */ = {isa = PBXBuildFile; fileRef = 88B468D62750D95600A4FF45 /* RNIContextMenuPreviewController.swift */; };
		88B468F62750D95700A4FF45 /* RNIMenuIcon.swift in Sources */ = {isa = PBXBuildFile; fileRef = 88B468D82750D95600A4FF45 /* RNIMenuIcon.swift */; };
		88B468F72750D95700A4FF45 /* RNIMenuPreviewConfig.swift in Sources */ = {isa = PBXBuildFile; fileRef = 88B468D92750D95600A4FF45 /* RNIMenuPreviewConfig.swift */; };
		88B468F82750D95700A4FF45 /* RNIMenuItem.swift in Sources */ = {isa = PBXBuildFile; fileRef = 88B468DA2750D95600A4FF45 /* RNIMenuItem.swift */; };
		88B468F92750D95700A4FF45 /* RNIMenuElement.swift in Sources */ = {isa = PBXBuildFile; fileRef = 88B468DB2750D95600A4FF45 /* RNIMenuElement.swift */; };
		88B468FA2750D95700A4FF45 /* RNIMenuActionItem.swift in Sources */ = {isa = PBXBuildFile; fileRef = 88B468DC2750D95600A4FF45 /* RNIMenuActionItem.swift */; };
		88B468FB2750D95700A4FF45 /* RNIWrapperViewManager.swift in Sources */ = {isa = PBXBuildFile; fileRef = 88B468DE2750D95600A4FF45 /* RNIWrapperViewManager.swift */; };
		88B468FC2750D95700A4FF45 /* RNIWrapperView.swift in Sources */ = {isa = PBXBuildFile; fileRef = 88B468DF2750D95600A4FF45 /* RNIWrapperView.swift */; };
		88B468FD2750D95700A4FF45 /* RNIWrapperViewModule.swift in Sources */ = {isa = PBXBuildFile; fileRef = 88B468E02750D95600A4FF45 /* RNIWrapperViewModule.swift */; };
		88B468FE2750D95700A4FF45 /* RNIWrapperViewManager.m in Sources */ = {isa = PBXBuildFile; fileRef = 88B468E12750D95600A4FF45 /* RNIWrapperViewManager.m */; };
		88B468FF2750D95700A4FF45 /* RNIWrapperViewModule.m in Sources */ = {isa = PBXBuildFile; fileRef = 88B468E22750D95600A4FF45 /* RNIWrapperViewModule.m */; };
		88B469002750D95700A4FF45 /* RNIUtilities.swift in Sources */ = {isa = PBXBuildFile; fileRef = 88B468E42750D95600A4FF45 /* RNIUtilities.swift */; };
		88B469012750D95700A4FF45 /* RNIImageItem.swift in Sources */ = {isa = PBXBuildFile; fileRef = 88B468E52750D95600A4FF45 /* RNIImageItem.swift */; };
/* End PBXBuildFile section */

/* Begin PBXCopyFilesBuildPhase section */
		58B511D91A9E6C8500147676 /* CopyFiles */ = {
			isa = PBXCopyFilesBuildPhase;
			buildActionMask = 2147483647;
			dstPath = "include/$(PRODUCT_NAME)";
			dstSubfolderSpec = 16;
			files = (
			);
			runOnlyForDeploymentPostprocessing = 0;
		};
/* End PBXCopyFilesBuildPhase section */

/* Begin PBXFileReference section */
		134814201AA4EA6300B7C361 /* libIosContextMenu.a */ = {isa = PBXFileReference; explicitFileType = archive.ar; includeInIndex = 0; path = libIosContextMenu.a; sourceTree = BUILT_PRODUCTS_DIR; };
		88B468C22750D95500A4FF45 /* UIMenu+Init.swift */ = {isa = PBXFileReference; fileEncoding = 4; lastKnownFileType = sourcecode.swift; path = "UIMenu+Init.swift"; sourceTree = "<group>"; };
		88B468C32750D95500A4FF45 /* CAGradientLayerType+Init.swift */ = {isa = PBXFileReference; fileEncoding = 4; lastKnownFileType = sourcecode.swift; path = "CAGradientLayerType+Init.swift"; sourceTree = "<group>"; };
		88B468C42750D95500A4FF45 /* UIMenuElement+Init.swift */ = {isa = PBXFileReference; fileEncoding = 4; lastKnownFileType = sourcecode.swift; path = "UIMenuElement+Init.swift"; sourceTree = "<group>"; };
		88B468C52750D95500A4FF45 /* UIContextMenuInteractionCommitStyle+Init.swift */ = {isa = PBXFileReference; fileEncoding = 4; lastKnownFileType = sourcecode.swift; path = "UIContextMenuInteractionCommitStyle+Init.swift"; sourceTree = "<group>"; };
		88B468C62750D95500A4FF45 /* UIImage+Init.swift */ = {isa = PBXFileReference; fileEncoding = 4; lastKnownFileType = sourcecode.swift; path = "UIImage+Init.swift"; sourceTree = "<group>"; };
		88B468C72750D95500A4FF45 /* IosContextMenu-Bridging-Header.h */ = {isa = PBXFileReference; fileEncoding = 4; lastKnownFileType = sourcecode.c.h; path = "IosContextMenu-Bridging-Header.h"; sourceTree = "<group>"; };
		88B468C92750D95500A4FF45 /* UIColor+Helpers.swift */ = {isa = PBXFileReference; fileEncoding = 4; lastKnownFileType = sourcecode.swift; path = "UIColor+Helpers.swift"; sourceTree = "<group>"; };
		88B468CA2750D95500A4FF45 /* Encodable+Helpers.swift */ = {isa = PBXFileReference; fileEncoding = 4; lastKnownFileType = sourcecode.swift; path = "Encodable+Helpers.swift"; sourceTree = "<group>"; };
		88B468CD2750D95500A4FF45 /* RNIContextMenuButtonManager.m */ = {isa = PBXFileReference; fileEncoding = 4; lastKnownFileType = sourcecode.c.objc; path = RNIContextMenuButtonManager.m; sourceTree = "<group>"; };
		88B468CE2750D95500A4FF45 /* RNIContextMenuButtonManager.swift */ = {isa = PBXFileReference; fileEncoding = 4; lastKnownFileType = sourcecode.swift; path = RNIContextMenuButtonManager.swift; sourceTree = "<group>"; };
		88B468CF2750D95500A4FF45 /* RNIContextMenuButton.swift */ = {isa = PBXFileReference; fileEncoding = 4; lastKnownFileType = sourcecode.swift; path = RNIContextMenuButton.swift; sourceTree = "<group>"; };
		88B468D12750D95600A4FF45 /* RNIContextMenuViewManager.swift */ = {isa = PBXFileReference; fileEncoding = 4; lastKnownFileType = sourcecode.swift; path = RNIContextMenuViewManager.swift; sourceTree = "<group>"; };
		88B468D22750D95600A4FF45 /* RNIContextMenuView.swift */ = {isa = PBXFileReference; fileEncoding = 4; lastKnownFileType = sourcecode.swift; path = RNIContextMenuView.swift; sourceTree = "<group>"; };
		88B468D32750D95600A4FF45 /* RNIContextMenuViewModule.m */ = {isa = PBXFileReference; fileEncoding = 4; lastKnownFileType = sourcecode.c.objc; path = RNIContextMenuViewModule.m; sourceTree = "<group>"; };
		88B468D42750D95600A4FF45 /* RNIContextMenuViewModule.swift */ = {isa = PBXFileReference; fileEncoding = 4; lastKnownFileType = sourcecode.swift; path = RNIContextMenuViewModule.swift; sourceTree = "<group>"; };
		88B468D52750D95600A4FF45 /* RNIContextMenuViewManager.m */ = {isa = PBXFileReference; fileEncoding = 4; lastKnownFileType = sourcecode.c.objc; path = RNIContextMenuViewManager.m; sourceTree = "<group>"; };
		88B468D62750D95600A4FF45 /* RNIContextMenuPreviewController.swift */ = {isa = PBXFileReference; fileEncoding = 4; lastKnownFileType = sourcecode.swift; path = RNIContextMenuPreviewController.swift; sourceTree = "<group>"; };
		88B468D82750D95600A4FF45 /* RNIMenuIcon.swift */ = {isa = PBXFileReference; fileEncoding = 4; lastKnownFileType = sourcecode.swift; path = RNIMenuIcon.swift; sourceTree = "<group>"; };
		88B468D92750D95600A4FF45 /* RNIMenuPreviewConfig.swift */ = {isa = PBXFileReference; fileEncoding = 4; lastKnownFileType = sourcecode.swift; path = RNIMenuPreviewConfig.swift; sourceTree = "<group>"; };
		88B468DA2750D95600A4FF45 /* RNIMenuItem.swift */ = {isa = PBXFileReference; fileEncoding = 4; lastKnownFileType = sourcecode.swift; path = RNIMenuItem.swift; sourceTree = "<group>"; };
		88B468DB2750D95600A4FF45 /* RNIMenuElement.swift */ = {isa = PBXFileReference; fileEncoding = 4; lastKnownFileType = sourcecode.swift; path = RNIMenuElement.swift; sourceTree = "<group>"; };
		88B468DC2750D95600A4FF45 /* RNIMenuActionItem.swift */ = {isa = PBXFileReference; fileEncoding = 4; lastKnownFileType = sourcecode.swift; path = RNIMenuActionItem.swift; sourceTree = "<group>"; };
		88B468DE2750D95600A4FF45 /* RNIWrapperViewManager.swift */ = {isa = PBXFileReference; fileEncoding = 4; lastKnownFileType = sourcecode.swift; path = RNIWrapperViewManager.swift; sourceTree = "<group>"; };
		88B468DF2750D95600A4FF45 /* RNIWrapperView.swift */ = {isa = PBXFileReference; fileEncoding = 4; lastKnownFileType = sourcecode.swift; path = RNIWrapperView.swift; sourceTree = "<group>"; };
		88B468E02750D95600A4FF45 /* RNIWrapperViewModule.swift */ = {isa = PBXFileReference; fileEncoding = 4; lastKnownFileType = sourcecode.swift; path = RNIWrapperViewModule.swift; sourceTree = "<group>"; };
		88B468E12750D95600A4FF45 /* RNIWrapperViewManager.m */ = {isa = PBXFileReference; fileEncoding = 4; lastKnownFileType = sourcecode.c.objc; path = RNIWrapperViewManager.m; sourceTree = "<group>"; };
		88B468E22750D95600A4FF45 /* RNIWrapperViewModule.m */ = {isa = PBXFileReference; fileEncoding = 4; lastKnownFileType = sourcecode.c.objc; path = RNIWrapperViewModule.m; sourceTree = "<group>"; };
		88B468E42750D95600A4FF45 /* RNIUtilities.swift */ = {isa = PBXFileReference; fileEncoding = 4; lastKnownFileType = sourcecode.swift; path = RNIUtilities.swift; sourceTree = "<group>"; };
		88B468E52750D95600A4FF45 /* RNIImageItem.swift */ = {isa = PBXFileReference; fileEncoding = 4; lastKnownFileType = sourcecode.swift; path = RNIImageItem.swift; sourceTree = "<group>"; };
/* End PBXFileReference section */

/* Begin PBXFrameworksBuildPhase section */
		58B511D81A9E6C8500147676 /* Frameworks */ = {
			isa = PBXFrameworksBuildPhase;
			buildActionMask = 2147483647;
			files = (
			);
			runOnlyForDeploymentPostprocessing = 0;
		};
/* End PBXFrameworksBuildPhase section */

/* Begin PBXGroup section */
		134814211AA4EA7D00B7C361 /* Products */ = {
			isa = PBXGroup;
			children = (
				134814201AA4EA6300B7C361 /* libIosContextMenu.a */,
			);
			name = Products;
			sourceTree = "<group>";
		};
		58B511D21A9E6C8500147676 = {
			isa = PBXGroup;
			children = (
				88B468C02750D95500A4FF45 /* src */,
				134814211AA4EA7D00B7C361 /* Products */,
			);
			sourceTree = "<group>";
		};
		88B468C02750D95500A4FF45 /* src */ = {
			isa = PBXGroup;
			children = (
				88B468C12750D95500A4FF45 /* Extensions+Init */,
				88B468C72750D95500A4FF45 /* IosContextMenu-Bridging-Header.h */,
				88B468C82750D95500A4FF45 /* Extensions */,
				88B468CB2750D95500A4FF45 /* ReactNative */,
			);
			path = src;
			sourceTree = "<group>";
		};
		88B468C12750D95500A4FF45 /* Extensions+Init */ = {
			isa = PBXGroup;
			children = (
				88B468C22750D95500A4FF45 /* UIMenu+Init.swift */,
				88B468C32750D95500A4FF45 /* CAGradientLayerType+Init.swift */,
				88B468C42750D95500A4FF45 /* UIMenuElement+Init.swift */,
				88B468C52750D95500A4FF45 /* UIContextMenuInteractionCommitStyle+Init.swift */,
				88B468C62750D95500A4FF45 /* UIImage+Init.swift */,
			);
			path = "Extensions+Init";
			sourceTree = "<group>";
		};
		88B468C82750D95500A4FF45 /* Extensions */ = {
			isa = PBXGroup;
			children = (
				88B468C92750D95500A4FF45 /* UIColor+Helpers.swift */,
				88B468CA2750D95500A4FF45 /* Encodable+Helpers.swift */,
			);
			path = Extensions;
			sourceTree = "<group>";
		};
		88B468CB2750D95500A4FF45 /* ReactNative */ = {
			isa = PBXGroup;
			children = (
				88B468CC2750D95500A4FF45 /* RNIContextMenuButton */,
				88B468D02750D95500A4FF45 /* RNIContextMenuView */,
				88B468D72750D95600A4FF45 /* RNIContextMenu */,
				88B468DD2750D95600A4FF45 /* RNIWrapperView */,
				88B468E32750D95600A4FF45 /* RNIHelpers */,
			);
			path = ReactNative;
			sourceTree = "<group>";
		};
		88B468CC2750D95500A4FF45 /* RNIContextMenuButton */ = {
			isa = PBXGroup;
			children = (
				88B468CD2750D95500A4FF45 /* RNIContextMenuButtonManager.m */,
				88B468CE2750D95500A4FF45 /* RNIContextMenuButtonManager.swift */,
				88B468CF2750D95500A4FF45 /* RNIContextMenuButton.swift */,
			);
			path = RNIContextMenuButton;
			sourceTree = "<group>";
		};
		88B468D02750D95500A4FF45 /* RNIContextMenuView */ = {
			isa = PBXGroup;
			children = (
				88B468D12750D95600A4FF45 /* RNIContextMenuViewManager.swift */,
				88B468D22750D95600A4FF45 /* RNIContextMenuView.swift */,
				88B468D32750D95600A4FF45 /* RNIContextMenuViewModule.m */,
				88B468D42750D95600A4FF45 /* RNIContextMenuViewModule.swift */,
				88B468D52750D95600A4FF45 /* RNIContextMenuViewManager.m */,
				88B468D62750D95600A4FF45 /* RNIContextMenuPreviewController.swift */,
			);
			path = RNIContextMenuView;
			sourceTree = "<group>";
		};
		88B468D72750D95600A4FF45 /* RNIContextMenu */ = {
			isa = PBXGroup;
			children = (
				88B468D82750D95600A4FF45 /* RNIMenuIcon.swift */,
				88B468D92750D95600A4FF45 /* RNIMenuPreviewConfig.swift */,
				88B468DA2750D95600A4FF45 /* RNIMenuItem.swift */,
				88B468DB2750D95600A4FF45 /* RNIMenuElement.swift */,
				88B468DC2750D95600A4FF45 /* RNIMenuActionItem.swift */,
			);
			path = RNIContextMenu;
			sourceTree = "<group>";
		};
		88B468DD2750D95600A4FF45 /* RNIWrapperView */ = {
			isa = PBXGroup;
			children = (
				88B468DE2750D95600A4FF45 /* RNIWrapperViewManager.swift */,
				88B468DF2750D95600A4FF45 /* RNIWrapperView.swift */,
				88B468E02750D95600A4FF45 /* RNIWrapperViewModule.swift */,
				88B468E12750D95600A4FF45 /* RNIWrapperViewManager.m */,
				88B468E22750D95600A4FF45 /* RNIWrapperViewModule.m */,
			);
			path = RNIWrapperView;
			sourceTree = "<group>";
		};
		88B468E32750D95600A4FF45 /* RNIHelpers */ = {
			isa = PBXGroup;
			children = (
				88B468E42750D95600A4FF45 /* RNIUtilities.swift */,
				88B468E52750D95600A4FF45 /* RNIImageItem.swift */,
			);
			path = RNIHelpers;
			sourceTree = "<group>";
		};
/* End PBXGroup section */

/* Begin PBXNativeTarget section */
		58B511DA1A9E6C8500147676 /* IosContextMenu */ = {
			isa = PBXNativeTarget;
			buildConfigurationList = 58B511EF1A9E6C8500147676 /* Build configuration list for PBXNativeTarget "IosContextMenu" */;
			buildPhases = (
				58B511D71A9E6C8500147676 /* Sources */,
				58B511D81A9E6C8500147676 /* Frameworks */,
				58B511D91A9E6C8500147676 /* CopyFiles */,
			);
			buildRules = (
			);
			dependencies = (
			);
			name = IosContextMenu;
			productName = RCTDataManager;
			productReference = 134814201AA4EA6300B7C361 /* libIosContextMenu.a */;
			productType = "com.apple.product-type.library.static";
		};
/* End PBXNativeTarget section */

/* Begin PBXProject section */
		58B511D31A9E6C8500147676 /* Project object */ = {
			isa = PBXProject;
			attributes = {
				LastUpgradeCheck = 0920;
				ORGANIZATIONNAME = Facebook;
				TargetAttributes = {
					58B511DA1A9E6C8500147676 = {
						CreatedOnToolsVersion = 6.1.1;
					};
				};
			};
			buildConfigurationList = 58B511D61A9E6C8500147676 /* Build configuration list for PBXProject "IosContextMenu" */;
			compatibilityVersion = "Xcode 3.2";
			developmentRegion = English;
			hasScannedForEncodings = 0;
			knownRegions = (
				English,
				en,
			);
			mainGroup = 58B511D21A9E6C8500147676;
			productRefGroup = 58B511D21A9E6C8500147676;
			projectDirPath = "";
			projectRoot = "";
			targets = (
				58B511DA1A9E6C8500147676 /* IosContextMenu */,
			);
		};
/* End PBXProject section */

/* Begin PBXSourcesBuildPhase section */
		58B511D71A9E6C8500147676 /* Sources */ = {
			isa = PBXSourcesBuildPhase;
			buildActionMask = 2147483647;
			files = (
				88B468E62750D95600A4FF45 /* UIMenu+Init.swift in Sources */,
				88B468F22750D95600A4FF45 /* RNIContextMenuViewModule.m in Sources */,
				88B468FE2750D95700A4FF45 /* RNIWrapperViewManager.m in Sources */,
				88B469002750D95700A4FF45 /* RNIUtilities.swift in Sources */,
				88B468F82750D95700A4FF45 /* RNIMenuItem.swift in Sources */,
				88B468EB2750D95600A4FF45 /* UIColor+Helpers.swift in Sources */,
				88B468EF2750D95600A4FF45 /* RNIContextMenuButton.swift in Sources */,
				88B468ED2750D95600A4FF45 /* RNIContextMenuButtonManager.m in Sources */,
				88B468EE2750D95600A4FF45 /* RNIContextMenuButtonManager.swift in Sources */,
				88B468F42750D95600A4FF45 /* RNIContextMenuViewManager.m in Sources */,
				88B468FD2750D95700A4FF45 /* RNIWrapperViewModule.swift in Sources */,
				88B468F72750D95700A4FF45 /* RNIMenuPreviewConfig.swift in Sources */,
				88B468F12750D95600A4FF45 /* RNIContextMenuView.swift in Sources */,
				88B468E72750D95600A4FF45 /* CAGradientLayerType+Init.swift in Sources */,
				88B468F52750D95700A4FF45 /* RNIContextMenuPreviewController.swift in Sources */,
				88B468EC2750D95600A4FF45 /* Encodable+Helpers.swift in Sources */,
				88B469012750D95700A4FF45 /* RNIImageItem.swift in Sources */,
				88B468FA2750D95700A4FF45 /* RNIMenuActionItem.swift in Sources */,
				88B468E92750D95600A4FF45 /* UIContextMenuInteractionCommitStyle+Init.swift in Sources */,
				88B468F62750D95700A4FF45 /* RNIMenuIcon.swift in Sources */,
				88B468FF2750D95700A4FF45 /* RNIWrapperViewModule.m in Sources */,
				88B468F92750D95700A4FF45 /* RNIMenuElement.swift in Sources */,
				88B468F02750D95600A4FF45 /* RNIContextMenuViewManager.swift in Sources */,
				88B468EA2750D95600A4FF45 /* UIImage+Init.swift in Sources */,
				88B468E82750D95600A4FF45 /* UIMenuElement+Init.swift in Sources */,
				88B468FB2750D95700A4FF45 /* RNIWrapperViewManager.swift in Sources */,
				88B468F32750D95600A4FF45 /* RNIContextMenuViewModule.swift in Sources */,
				88B468FC2750D95700A4FF45 /* RNIWrapperView.swift in Sources */,
			);
			runOnlyForDeploymentPostprocessing = 0;
		};
/* End PBXSourcesBuildPhase section */

/* Begin XCBuildConfiguration section */
		58B511ED1A9E6C8500147676 /* Debug */ = {
			isa = XCBuildConfiguration;
			buildSettings = {
				ALWAYS_SEARCH_USER_PATHS = NO;
				CLANG_CXX_LANGUAGE_STANDARD = "gnu++0x";
				CLANG_CXX_LIBRARY = "libc++";
				CLANG_ENABLE_MODULES = YES;
				CLANG_ENABLE_OBJC_ARC = YES;
				CLANG_WARN_BLOCK_CAPTURE_AUTORELEASING = YES;
				CLANG_WARN_BOOL_CONVERSION = YES;
				CLANG_WARN_COMMA = YES;
				CLANG_WARN_CONSTANT_CONVERSION = YES;
				CLANG_WARN_DIRECT_OBJC_ISA_USAGE = YES_ERROR;
				CLANG_WARN_EMPTY_BODY = YES;
				CLANG_WARN_ENUM_CONVERSION = YES;
				CLANG_WARN_INFINITE_RECURSION = YES;
				CLANG_WARN_INT_CONVERSION = YES;
				CLANG_WARN_NON_LITERAL_NULL_CONVERSION = YES;
				CLANG_WARN_OBJC_LITERAL_CONVERSION = YES;
				CLANG_WARN_OBJC_ROOT_CLASS = YES_ERROR;
				CLANG_WARN_RANGE_LOOP_ANALYSIS = YES;
				CLANG_WARN_STRICT_PROTOTYPES = YES;
				CLANG_WARN_SUSPICIOUS_MOVE = YES;
				CLANG_WARN_UNREACHABLE_CODE = YES;
				CLANG_WARN__DUPLICATE_METHOD_MATCH = YES;
				COPY_PHASE_STRIP = NO;
				ENABLE_STRICT_OBJC_MSGSEND = YES;
				ENABLE_TESTABILITY = YES;
				GCC_C_LANGUAGE_STANDARD = gnu99;
				GCC_DYNAMIC_NO_PIC = NO;
				GCC_NO_COMMON_BLOCKS = YES;
				GCC_OPTIMIZATION_LEVEL = 0;
				GCC_PREPROCESSOR_DEFINITIONS = (
					"DEBUG=1",
					"$(inherited)",
				);
				GCC_SYMBOLS_PRIVATE_EXTERN = NO;
				GCC_WARN_64_TO_32_BIT_CONVERSION = YES;
				GCC_WARN_ABOUT_RETURN_TYPE = YES_ERROR;
				GCC_WARN_UNDECLARED_SELECTOR = YES;
				GCC_WARN_UNINITIALIZED_AUTOS = YES_AGGRESSIVE;
				GCC_WARN_UNUSED_FUNCTION = YES;
				GCC_WARN_UNUSED_VARIABLE = YES;
				IPHONEOS_DEPLOYMENT_TARGET = 8.0;
				MTL_ENABLE_DEBUG_INFO = YES;
				ONLY_ACTIVE_ARCH = YES;
				SDKROOT = iphoneos;
			};
			name = Debug;
		};
		58B511EE1A9E6C8500147676 /* Release */ = {
			isa = XCBuildConfiguration;
			buildSettings = {
				ALWAYS_SEARCH_USER_PATHS = NO;
				CLANG_CXX_LANGUAGE_STANDARD = "gnu++0x";
				CLANG_CXX_LIBRARY = "libc++";
				CLANG_ENABLE_MODULES = YES;
				CLANG_ENABLE_OBJC_ARC = YES;
				CLANG_WARN_BLOCK_CAPTURE_AUTORELEASING = YES;
				CLANG_WARN_BOOL_CONVERSION = YES;
				CLANG_WARN_COMMA = YES;
				CLANG_WARN_CONSTANT_CONVERSION = YES;
				CLANG_WARN_DIRECT_OBJC_ISA_USAGE = YES_ERROR;
				CLANG_WARN_EMPTY_BODY = YES;
				CLANG_WARN_ENUM_CONVERSION = YES;
				CLANG_WARN_INFINITE_RECURSION = YES;
				CLANG_WARN_INT_CONVERSION = YES;
				CLANG_WARN_NON_LITERAL_NULL_CONVERSION = YES;
				CLANG_WARN_OBJC_LITERAL_CONVERSION = YES;
				CLANG_WARN_OBJC_ROOT_CLASS = YES_ERROR;
				CLANG_WARN_RANGE_LOOP_ANALYSIS = YES;
				CLANG_WARN_STRICT_PROTOTYPES = YES;
				CLANG_WARN_SUSPICIOUS_MOVE = YES;
				CLANG_WARN_UNREACHABLE_CODE = YES;
				CLANG_WARN__DUPLICATE_METHOD_MATCH = YES;
				COPY_PHASE_STRIP = YES;
				ENABLE_NS_ASSERTIONS = NO;
				ENABLE_STRICT_OBJC_MSGSEND = YES;
				GCC_C_LANGUAGE_STANDARD = gnu99;
				GCC_NO_COMMON_BLOCKS = YES;
				GCC_WARN_64_TO_32_BIT_CONVERSION = YES;
				GCC_WARN_ABOUT_RETURN_TYPE = YES_ERROR;
				GCC_WARN_UNDECLARED_SELECTOR = YES;
				GCC_WARN_UNINITIALIZED_AUTOS = YES_AGGRESSIVE;
				GCC_WARN_UNUSED_FUNCTION = YES;
				GCC_WARN_UNUSED_VARIABLE = YES;
				IPHONEOS_DEPLOYMENT_TARGET = 8.0;
				MTL_ENABLE_DEBUG_INFO = NO;
				SDKROOT = iphoneos;
				VALIDATE_PRODUCT = YES;
			};
			name = Release;
		};
		58B511F01A9E6C8500147676 /* Debug */ = {
			isa = XCBuildConfiguration;
			buildSettings = {
				HEADER_SEARCH_PATHS = (
					"$(inherited)",
					/Applications/Xcode.app/Contents/Developer/Toolchains/XcodeDefault.xctoolchain/usr/include,
					"$(SRCROOT)/../../../React/**",
					"$(SRCROOT)/../../react-native/React/**",
				);
				LIBRARY_SEARCH_PATHS = "$(inherited)";
				OTHER_LDFLAGS = "-ObjC";
				PRODUCT_NAME = IosContextMenu;
				SKIP_INSTALL = YES;
				SWIFT_OBJC_BRIDGING_HEADER = "src/IosContextMenu-Bridging-Header.h";
				SWIFT_OPTIMIZATION_LEVEL = "-Onone";
				SWIFT_VERSION = 5.0;
			};
			name = Debug;
		};
		58B511F11A9E6C8500147676 /* Release */ = {
			isa = XCBuildConfiguration;
			buildSettings = {
				HEADER_SEARCH_PATHS = (
					"$(inherited)",
					/Applications/Xcode.app/Contents/Developer/Toolchains/XcodeDefault.xctoolchain/usr/include,
					"$(SRCROOT)/../../../React/**",
					"$(SRCROOT)/../../react-native/React/**",
				);
				LIBRARY_SEARCH_PATHS = "$(inherited)";
				OTHER_LDFLAGS = "-ObjC";
				PRODUCT_NAME = IosContextMenu;
				SKIP_INSTALL = YES;
				SWIFT_OBJC_BRIDGING_HEADER = "src/IosContextMenu-Bridging-Header.h";
				SWIFT_VERSION = 5.0;
			};
			name = Release;
		};
/* End XCBuildConfiguration section */

/* Begin XCConfigurationList section */
		58B511D61A9E6C8500147676 /* Build configuration list for PBXProject "IosContextMenu" */ = {
			isa = XCConfigurationList;
			buildConfigurations = (
				58B511ED1A9E6C8500147676 /* Debug */,
				58B511EE1A9E6C8500147676 /* Release */,
			);
			defaultConfigurationIsVisible = 0;
			defaultConfigurationName = Release;
		};
		58B511EF1A9E6C8500147676 /* Build configuration list for PBXNativeTarget "IosContextMenu" */ = {
			isa = XCConfigurationList;
			buildConfigurations = (
				58B511F01A9E6C8500147676 /* Debug */,
				58B511F11A9E6C8500147676 /* Release */,
			);
			defaultConfigurationIsVisible = 0;
			defaultConfigurationName = Release;
		};
/* End XCConfigurationList section */
	};
	rootObject = 58B511D31A9E6C8500147676 /* Project object */;
}
