// !$*UTF8*$!
{
	archiveVersion = 1;
	classes = {
	};
	objectVersion = 46;
	objects = {

/* Begin PBXBuildFile section */
		889452C125585B1F00954A31 /* UIContextMenuInteractionCommitStyle+Helpers.swift in Sources */ = {isa = PBXBuildFile; fileRef = 889452A925585B1F00954A31 /* UIContextMenuInteractionCommitStyle+Helpers.swift */; };
		889452C225585B1F00954A31 /* UIMenuOptions+Helpers.swift in Sources */ = {isa = PBXBuildFile; fileRef = 889452AA25585B1F00954A31 /* UIMenuOptions+Helpers.swift */; };
		889452C325585B1F00954A31 /* Encodable+Helpers.swift in Sources */ = {isa = PBXBuildFile; fileRef = 889452AB25585B1F00954A31 /* Encodable+Helpers.swift */; };
		889452C425585B1F00954A31 /* UIMenuElement+Helpers.swift in Sources */ = {isa = PBXBuildFile; fileRef = 889452AC25585B1F00954A31 /* UIMenuElement+Helpers.swift */; };
		889452C525585B1F00954A31 /* RCTContextMenuButtonManager.m in Sources */ = {isa = PBXBuildFile; fileRef = 889452AF25585B1F00954A31 /* RCTContextMenuButtonManager.m */; };
		889452C625585B1F00954A31 /* RCTContextMenuButton.swift in Sources */ = {isa = PBXBuildFile; fileRef = 889452B025585B1F00954A31 /* RCTContextMenuButton.swift */; };
		889452C725585B1F00954A31 /* RCTContextMenuButtonManager.swift in Sources */ = {isa = PBXBuildFile; fileRef = 889452B125585B1F00954A31 /* RCTContextMenuButtonManager.swift */; };
		889452C825585B1F00954A31 /* RCTSwiftLog.m in Sources */ = {isa = PBXBuildFile; fileRef = 889452B325585B1F00954A31 /* RCTSwiftLog.m */; };
		889452C925585B1F00954A31 /* RCTLog.swift in Sources */ = {isa = PBXBuildFile; fileRef = 889452B425585B1F00954A31 /* RCTLog.swift */; };
		889452CA25585B1F00954A31 /* RCTContextMenuViewManager.swift in Sources */ = {isa = PBXBuildFile; fileRef = 889452B725585B1F00954A31 /* RCTContextMenuViewManager.swift */; };
		889452CB25585B1F00954A31 /* RCTContextMenuView.swift in Sources */ = {isa = PBXBuildFile; fileRef = 889452B825585B1F00954A31 /* RCTContextMenuView.swift */; };
		889452CC25585B1F00954A31 /* RCTContextMenuViewManager.m in Sources */ = {isa = PBXBuildFile; fileRef = 889452B925585B1F00954A31 /* RCTContextMenuViewManager.m */; };
		889452CD25585B1F00954A31 /* RCTContextMenuPreviewController.swift in Sources */ = {isa = PBXBuildFile; fileRef = 889452BA25585B1F00954A31 /* RCTContextMenuPreviewController.swift */; };
		889452CE25585B1F00954A31 /* RCTMenuPreviewConfig.swift in Sources */ = {isa = PBXBuildFile; fileRef = 889452BC25585B1F00954A31 /* RCTMenuPreviewConfig.swift */; };
		889452CF25585B1F00954A31 /* RCTMenuActionItem.swift in Sources */ = {isa = PBXBuildFile; fileRef = 889452BD25585B1F00954A31 /* RCTMenuActionItem.swift */; };
		889452D025585B1F00954A31 /* RCTMenuElement.swift in Sources */ = {isa = PBXBuildFile; fileRef = 889452BE25585B1F00954A31 /* RCTMenuElement.swift */; };
		889452D125585B1F00954A31 /* RCTMenuImageType.swift in Sources */ = {isa = PBXBuildFile; fileRef = 889452BF25585B1F00954A31 /* RCTMenuImageType.swift */; };
		889452D225585B1F00954A31 /* RCTMenuItem.swift in Sources */ = {isa = PBXBuildFile; fileRef = 889452C025585B1F00954A31 /* RCTMenuItem.swift */; };
/* End PBXBuildFile section */

/* Begin PBXCopyFilesBuildPhase section */
		58B511D91A9E6C8500147676 /* CopyFiles */ = {
			isa = PBXCopyFilesBuildPhase;
			buildActionMask = 2147483647;
			dstPath = "include/$(PRODUCT_NAME)";
			dstSubfolderSpec = 16;
			files = (
			);
			runOnlyForDeploymentPostprocessing = 0;
		};
/* End PBXCopyFilesBuildPhase section */

/* Begin PBXFileReference section */
		134814201AA4EA6300B7C361 /* libIosContextMenu.a */ = {isa = PBXFileReference; explicitFileType = archive.ar; includeInIndex = 0; path = libIosContextMenu.a; sourceTree = BUILT_PRODUCTS_DIR; };
		889452A725585B1F00954A31 /* IosContextMenu-Bridging-Header.h */ = {isa = PBXFileReference; fileEncoding = 4; lastKnownFileType = sourcecode.c.h; path = "IosContextMenu-Bridging-Header.h"; sourceTree = "<group>"; };
		889452A925585B1F00954A31 /* UIContextMenuInteractionCommitStyle+Helpers.swift */ = {isa = PBXFileReference; fileEncoding = 4; lastKnownFileType = sourcecode.swift; path = "UIContextMenuInteractionCommitStyle+Helpers.swift"; sourceTree = "<group>"; };
		889452AA25585B1F00954A31 /* UIMenuOptions+Helpers.swift */ = {isa = PBXFileReference; fileEncoding = 4; lastKnownFileType = sourcecode.swift; path = "UIMenuOptions+Helpers.swift"; sourceTree = "<group>"; };
		889452AB25585B1F00954A31 /* Encodable+Helpers.swift */ = {isa = PBXFileReference; fileEncoding = 4; lastKnownFileType = sourcecode.swift; path = "Encodable+Helpers.swift"; sourceTree = "<group>"; };
		889452AC25585B1F00954A31 /* UIMenuElement+Helpers.swift */ = {isa = PBXFileReference; fileEncoding = 4; lastKnownFileType = sourcecode.swift; path = "UIMenuElement+Helpers.swift"; sourceTree = "<group>"; };
		889452AF25585B1F00954A31 /* RCTContextMenuButtonManager.m */ = {isa = PBXFileReference; fileEncoding = 4; lastKnownFileType = sourcecode.c.objc; path = RCTContextMenuButtonManager.m; sourceTree = "<group>"; };
		889452B025585B1F00954A31 /* RCTContextMenuButton.swift */ = {isa = PBXFileReference; fileEncoding = 4; lastKnownFileType = sourcecode.swift; path = RCTContextMenuButton.swift; sourceTree = "<group>"; };
		889452B125585B1F00954A31 /* RCTContextMenuButtonManager.swift */ = {isa = PBXFileReference; fileEncoding = 4; lastKnownFileType = sourcecode.swift; path = RCTContextMenuButtonManager.swift; sourceTree = "<group>"; };
		889452B325585B1F00954A31 /* RCTSwiftLog.m */ = {isa = PBXFileReference; fileEncoding = 4; lastKnownFileType = sourcecode.c.objc; path = RCTSwiftLog.m; sourceTree = "<group>"; };
		889452B425585B1F00954A31 /* RCTLog.swift */ = {isa = PBXFileReference; fileEncoding = 4; lastKnownFileType = sourcecode.swift; path = RCTLog.swift; sourceTree = "<group>"; };
		889452B525585B1F00954A31 /* RCTSwiftLog.h */ = {isa = PBXFileReference; fileEncoding = 4; lastKnownFileType = sourcecode.c.h; path = RCTSwiftLog.h; sourceTree = "<group>"; };
		889452B725585B1F00954A31 /* RCTContextMenuViewManager.swift */ = {isa = PBXFileReference; fileEncoding = 4; lastKnownFileType = sourcecode.swift; path = RCTContextMenuViewManager.swift; sourceTree = "<group>"; };
		889452B825585B1F00954A31 /* RCTContextMenuView.swift */ = {isa = PBXFileReference; fileEncoding = 4; lastKnownFileType = sourcecode.swift; path = RCTContextMenuView.swift; sourceTree = "<group>"; };
		889452B925585B1F00954A31 /* RCTContextMenuViewManager.m */ = {isa = PBXFileReference; fileEncoding = 4; lastKnownFileType = sourcecode.c.objc; path = RCTContextMenuViewManager.m; sourceTree = "<group>"; };
		889452BA25585B1F00954A31 /* RCTContextMenuPreviewController.swift */ = {isa = PBXFileReference; fileEncoding = 4; lastKnownFileType = sourcecode.swift; path = RCTContextMenuPreviewController.swift; sourceTree = "<group>"; };
		889452BC25585B1F00954A31 /* RCTMenuPreviewConfig.swift */ = {isa = PBXFileReference; fileEncoding = 4; lastKnownFileType = sourcecode.swift; path = RCTMenuPreviewConfig.swift; sourceTree = "<group>"; };
		889452BD25585B1F00954A31 /* RCTMenuActionItem.swift */ = {isa = PBXFileReference; fileEncoding = 4; lastKnownFileType = sourcecode.swift; path = RCTMenuActionItem.swift; sourceTree = "<group>"; };
		889452BE25585B1F00954A31 /* RCTMenuElement.swift */ = {isa = PBXFileReference; fileEncoding = 4; lastKnownFileType = sourcecode.swift; path = RCTMenuElement.swift; sourceTree = "<group>"; };
		889452BF25585B1F00954A31 /* RCTMenuImageType.swift */ = {isa = PBXFileReference; fileEncoding = 4; lastKnownFileType = sourcecode.swift; path = RCTMenuImageType.swift; sourceTree = "<group>"; };
		889452C025585B1F00954A31 /* RCTMenuItem.swift */ = {isa = PBXFileReference; fileEncoding = 4; lastKnownFileType = sourcecode.swift; path = RCTMenuItem.swift; sourceTree = "<group>"; };
/* End PBXFileReference section */

/* Begin PBXFrameworksBuildPhase section */
		58B511D81A9E6C8500147676 /* Frameworks */ = {
			isa = PBXFrameworksBuildPhase;
			buildActionMask = 2147483647;
			files = (
			);
			runOnlyForDeploymentPostprocessing = 0;
		};
/* End PBXFrameworksBuildPhase section */

/* Begin PBXGroup section */
		134814211AA4EA7D00B7C361 /* Products */ = {
			isa = PBXGroup;
			children = (
				134814201AA4EA6300B7C361 /* libIosContextMenu.a */,
			);
			name = Products;
			sourceTree = "<group>";
		};
		58B511D21A9E6C8500147676 = {
			isa = PBXGroup;
			children = (
				889452A625585B1F00954A31 /* src_library */,
				134814211AA4EA7D00B7C361 /* Products */,
				889F43D4255576A70052A1CF /* Frameworks */,
			);
			sourceTree = "<group>";
		};
		889452A625585B1F00954A31 /* src_library */ = {
			isa = PBXGroup;
			children = (
				889452A725585B1F00954A31 /* IosContextMenu-Bridging-Header.h */,
				889452A825585B1F00954A31 /* Extensions */,
				889452AD25585B1F00954A31 /* React Native */,
			);
			path = src_library;
			sourceTree = "<group>";
		};
		889452A825585B1F00954A31 /* Extensions */ = {
			isa = PBXGroup;
			children = (
				889452A925585B1F00954A31 /* UIContextMenuInteractionCommitStyle+Helpers.swift */,
				889452AA25585B1F00954A31 /* UIMenuOptions+Helpers.swift */,
				889452AB25585B1F00954A31 /* Encodable+Helpers.swift */,
				889452AC25585B1F00954A31 /* UIMenuElement+Helpers.swift */,
			);
			path = Extensions;
			sourceTree = "<group>";
		};
		889452AD25585B1F00954A31 /* React Native */ = {
			isa = PBXGroup;
			children = (
				889452AE25585B1F00954A31 /* RCTContextMenuButton */,
				889452B225585B1F00954A31 /* RCTSwiftLog */,
				889452B625585B1F00954A31 /* RCTContextMenuView */,
				889452BB25585B1F00954A31 /* RCTContextMenu */,
			);
			path = "React Native";
			sourceTree = "<group>";
		};
		889452AE25585B1F00954A31 /* RCTContextMenuButton */ = {
			isa = PBXGroup;
			children = (
				889452AF25585B1F00954A31 /* RCTContextMenuButtonManager.m */,
				889452B025585B1F00954A31 /* RCTContextMenuButton.swift */,
				889452B125585B1F00954A31 /* RCTContextMenuButtonManager.swift */,
			);
			path = RCTContextMenuButton;
			sourceTree = "<group>";
		};
		889452B225585B1F00954A31 /* RCTSwiftLog */ = {
			isa = PBXGroup;
			children = (
				889452B325585B1F00954A31 /* RCTSwiftLog.m */,
				889452B425585B1F00954A31 /* RCTLog.swift */,
				889452B525585B1F00954A31 /* RCTSwiftLog.h */,
			);
			path = RCTSwiftLog;
			sourceTree = "<group>";
		};
		889452B625585B1F00954A31 /* RCTContextMenuView */ = {
			isa = PBXGroup;
			children = (
				889452B725585B1F00954A31 /* RCTContextMenuViewManager.swift */,
				889452B825585B1F00954A31 /* RCTContextMenuView.swift */,
				889452B925585B1F00954A31 /* RCTContextMenuViewManager.m */,
				889452BA25585B1F00954A31 /* RCTContextMenuPreviewController.swift */,
			);
			path = RCTContextMenuView;
			sourceTree = "<group>";
		};
		889452BB25585B1F00954A31 /* RCTContextMenu */ = {
			isa = PBXGroup;
			children = (
				889452BC25585B1F00954A31 /* RCTMenuPreviewConfig.swift */,
				889452BD25585B1F00954A31 /* RCTMenuActionItem.swift */,
				889452BE25585B1F00954A31 /* RCTMenuElement.swift */,
				889452BF25585B1F00954A31 /* RCTMenuImageType.swift */,
				889452C025585B1F00954A31 /* RCTMenuItem.swift */,
			);
			path = RCTContextMenu;
			sourceTree = "<group>";
		};
		889F43D4255576A70052A1CF /* Frameworks */ = {
			isa = PBXGroup;
			children = (
			);
			name = Frameworks;
			sourceTree = "<group>";
		};
/* End PBXGroup section */

/* Begin PBXNativeTarget section */
		58B511DA1A9E6C8500147676 /* IosContextMenu */ = {
			isa = PBXNativeTarget;
			buildConfigurationList = 58B511EF1A9E6C8500147676 /* Build configuration list for PBXNativeTarget "IosContextMenu" */;
			buildPhases = (
				58B511D71A9E6C8500147676 /* Sources */,
				58B511D81A9E6C8500147676 /* Frameworks */,
				58B511D91A9E6C8500147676 /* CopyFiles */,
			);
			buildRules = (
			);
			dependencies = (
			);
			name = IosContextMenu;
			productName = RCTDataManager;
			productReference = 134814201AA4EA6300B7C361 /* libIosContextMenu.a */;
			productType = "com.apple.product-type.library.static";
		};
/* End PBXNativeTarget section */

/* Begin PBXProject section */
		58B511D31A9E6C8500147676 /* Project object */ = {
			isa = PBXProject;
			attributes = {
				LastUpgradeCheck = 0920;
				ORGANIZATIONNAME = Facebook;
				TargetAttributes = {
					58B511DA1A9E6C8500147676 = {
						CreatedOnToolsVersion = 6.1.1;
					};
				};
			};
			buildConfigurationList = 58B511D61A9E6C8500147676 /* Build configuration list for PBXProject "IosContextMenu" */;
			compatibilityVersion = "Xcode 3.2";
			developmentRegion = English;
			hasScannedForEncodings = 0;
			knownRegions = (
				English,
				en,
			);
			mainGroup = 58B511D21A9E6C8500147676;
			productRefGroup = 58B511D21A9E6C8500147676;
			projectDirPath = "";
			projectRoot = "";
			targets = (
				58B511DA1A9E6C8500147676 /* IosContextMenu */,
			);
		};
/* End PBXProject section */

/* Begin PBXSourcesBuildPhase section */
		58B511D71A9E6C8500147676 /* Sources */ = {
			isa = PBXSourcesBuildPhase;
			buildActionMask = 2147483647;
			files = (
				889452C825585B1F00954A31 /* RCTSwiftLog.m in Sources */,
				889452C125585B1F00954A31 /* UIContextMenuInteractionCommitStyle+Helpers.swift in Sources */,
				889452C425585B1F00954A31 /* UIMenuElement+Helpers.swift in Sources */,
				889452D225585B1F00954A31 /* RCTMenuItem.swift in Sources */,
				889452C225585B1F00954A31 /* UIMenuOptions+Helpers.swift in Sources */,
				889452CD25585B1F00954A31 /* RCTContextMenuPreviewController.swift in Sources */,
				889452CE25585B1F00954A31 /* RCTMenuPreviewConfig.swift in Sources */,
				889452CB25585B1F00954A31 /* RCTContextMenuView.swift in Sources */,
				889452D025585B1F00954A31 /* RCTMenuElement.swift in Sources */,
				889452C925585B1F00954A31 /* RCTLog.swift in Sources */,
				889452D125585B1F00954A31 /* RCTMenuImageType.swift in Sources */,
				889452C525585B1F00954A31 /* RCTContextMenuButtonManager.m in Sources */,
				889452CC25585B1F00954A31 /* RCTContextMenuViewManager.m in Sources */,
				889452CF25585B1F00954A31 /* RCTMenuActionItem.swift in Sources */,
				889452C625585B1F00954A31 /* RCTContextMenuButton.swift in Sources */,
				889452C725585B1F00954A31 /* RCTContextMenuButtonManager.swift in Sources */,
				889452C325585B1F00954A31 /* Encodable+Helpers.swift in Sources */,
				889452CA25585B1F00954A31 /* RCTContextMenuViewManager.swift in Sources */,
			);
			runOnlyForDeploymentPostprocessing = 0;
		};
/* End PBXSourcesBuildPhase section */

/* Begin XCBuildConfiguration section */
		58B511ED1A9E6C8500147676 /* Debug */ = {
			isa = XCBuildConfiguration;
			buildSettings = {
				ALWAYS_SEARCH_USER_PATHS = NO;
				CLANG_CXX_LANGUAGE_STANDARD = "gnu++0x";
				CLANG_CXX_LIBRARY = "libc++";
				CLANG_ENABLE_MODULES = YES;
				CLANG_ENABLE_OBJC_ARC = YES;
				CLANG_WARN_BLOCK_CAPTURE_AUTORELEASING = YES;
				CLANG_WARN_BOOL_CONVERSION = YES;
				CLANG_WARN_COMMA = YES;
				CLANG_WARN_CONSTANT_CONVERSION = YES;
				CLANG_WARN_DIRECT_OBJC_ISA_USAGE = YES_ERROR;
				CLANG_WARN_EMPTY_BODY = YES;
				CLANG_WARN_ENUM_CONVERSION = YES;
				CLANG_WARN_INFINITE_RECURSION = YES;
				CLANG_WARN_INT_CONVERSION = YES;
				CLANG_WARN_NON_LITERAL_NULL_CONVERSION = YES;
				CLANG_WARN_OBJC_LITERAL_CONVERSION = YES;
				CLANG_WARN_OBJC_ROOT_CLASS = YES_ERROR;
				CLANG_WARN_RANGE_LOOP_ANALYSIS = YES;
				CLANG_WARN_STRICT_PROTOTYPES = YES;
				CLANG_WARN_SUSPICIOUS_MOVE = YES;
				CLANG_WARN_UNREACHABLE_CODE = YES;
				CLANG_WARN__DUPLICATE_METHOD_MATCH = YES;
				COPY_PHASE_STRIP = NO;
				ENABLE_STRICT_OBJC_MSGSEND = YES;
				ENABLE_TESTABILITY = YES;
				GCC_C_LANGUAGE_STANDARD = gnu99;
				GCC_DYNAMIC_NO_PIC = NO;
				GCC_NO_COMMON_BLOCKS = YES;
				GCC_OPTIMIZATION_LEVEL = 0;
				GCC_PREPROCESSOR_DEFINITIONS = (
					"DEBUG=1",
					"$(inherited)",
				);
				GCC_SYMBOLS_PRIVATE_EXTERN = NO;
				GCC_WARN_64_TO_32_BIT_CONVERSION = YES;
				GCC_WARN_ABOUT_RETURN_TYPE = YES_ERROR;
				GCC_WARN_UNDECLARED_SELECTOR = YES;
				GCC_WARN_UNINITIALIZED_AUTOS = YES_AGGRESSIVE;
				GCC_WARN_UNUSED_FUNCTION = YES;
				GCC_WARN_UNUSED_VARIABLE = YES;
				IPHONEOS_DEPLOYMENT_TARGET = 10.0;
				MTL_ENABLE_DEBUG_INFO = YES;
				ONLY_ACTIVE_ARCH = YES;
				SDKROOT = iphoneos;
				SWIFT_VERSION = 5.0;
			};
			name = Debug;
		};
		58B511EE1A9E6C8500147676 /* Release */ = {
			isa = XCBuildConfiguration;
			buildSettings = {
				ALWAYS_SEARCH_USER_PATHS = NO;
				CLANG_CXX_LANGUAGE_STANDARD = "gnu++0x";
				CLANG_CXX_LIBRARY = "libc++";
				CLANG_ENABLE_MODULES = YES;
				CLANG_ENABLE_OBJC_ARC = YES;
				CLANG_WARN_BLOCK_CAPTURE_AUTORELEASING = YES;
				CLANG_WARN_BOOL_CONVERSION = YES;
				CLANG_WARN_COMMA = YES;
				CLANG_WARN_CONSTANT_CONVERSION = YES;
				CLANG_WARN_DIRECT_OBJC_ISA_USAGE = YES_ERROR;
				CLANG_WARN_EMPTY_BODY = YES;
				CLANG_WARN_ENUM_CONVERSION = YES;
				CLANG_WARN_INFINITE_RECURSION = YES;
				CLANG_WARN_INT_CONVERSION = YES;
				CLANG_WARN_NON_LITERAL_NULL_CONVERSION = YES;
				CLANG_WARN_OBJC_LITERAL_CONVERSION = YES;
				CLANG_WARN_OBJC_ROOT_CLASS = YES_ERROR;
				CLANG_WARN_RANGE_LOOP_ANALYSIS = YES;
				CLANG_WARN_STRICT_PROTOTYPES = YES;
				CLANG_WARN_SUSPICIOUS_MOVE = YES;
				CLANG_WARN_UNREACHABLE_CODE = YES;
				CLANG_WARN__DUPLICATE_METHOD_MATCH = YES;
				COPY_PHASE_STRIP = YES;
				ENABLE_NS_ASSERTIONS = NO;
				ENABLE_STRICT_OBJC_MSGSEND = YES;
				GCC_C_LANGUAGE_STANDARD = gnu99;
				GCC_NO_COMMON_BLOCKS = YES;
				GCC_WARN_64_TO_32_BIT_CONVERSION = YES;
				GCC_WARN_ABOUT_RETURN_TYPE = YES_ERROR;
				GCC_WARN_UNDECLARED_SELECTOR = YES;
				GCC_WARN_UNINITIALIZED_AUTOS = YES_AGGRESSIVE;
				GCC_WARN_UNUSED_FUNCTION = YES;
				GCC_WARN_UNUSED_VARIABLE = YES;
				IPHONEOS_DEPLOYMENT_TARGET = 10.0;
				MTL_ENABLE_DEBUG_INFO = NO;
				SDKROOT = iphoneos;
				SWIFT_VERSION = 5.0;
				VALIDATE_PRODUCT = YES;
			};
			name = Release;
		};
		58B511F01A9E6C8500147676 /* Debug */ = {
			isa = XCBuildConfiguration;
			buildSettings = {
				HEADER_SEARCH_PATHS = (
					"$(inherited)",
					/Applications/Xcode.app/Contents/Developer/Toolchains/XcodeDefault.xctoolchain/usr/include,
					"$(SRCROOT)/../../../React/**",
					"$(SRCROOT)/../../react-native/React/**",
				);
				LIBRARY_SEARCH_PATHS = "$(inherited)";
				OTHER_LDFLAGS = (
					"$(inherited)",
					"-ObjC",
				);
				PRODUCT_NAME = IosContextMenu;
				SKIP_INSTALL = YES;
				SWIFT_OBJC_BRIDGING_HEADER = "src_library/IosContextMenu-Bridging-Header.h";
				SWIFT_OPTIMIZATION_LEVEL = "-Onone";
				SWIFT_VERSION = 5.0;
			};
			name = Debug;
		};
		58B511F11A9E6C8500147676 /* Release */ = {
			isa = XCBuildConfiguration;
			buildSettings = {
				HEADER_SEARCH_PATHS = (
					"$(inherited)",
					/Applications/Xcode.app/Contents/Developer/Toolchains/XcodeDefault.xctoolchain/usr/include,
					"$(SRCROOT)/../../../React/**",
					"$(SRCROOT)/../../react-native/React/**",
				);
				LIBRARY_SEARCH_PATHS = "$(inherited)";
				OTHER_LDFLAGS = (
					"$(inherited)",
					"-ObjC",
				);
				PRODUCT_NAME = IosContextMenu;
				SKIP_INSTALL = YES;
				SWIFT_OBJC_BRIDGING_HEADER = "src_library/IosContextMenu-Bridging-Header.h";
				SWIFT_VERSION = 5.0;
			};
			name = Release;
		};
/* End XCBuildConfiguration section */

/* Begin XCConfigurationList section */
		58B511D61A9E6C8500147676 /* Build configuration list for PBXProject "IosContextMenu" */ = {
			isa = XCConfigurationList;
			buildConfigurations = (
				58B511ED1A9E6C8500147676 /* Debug */,
				58B511EE1A9E6C8500147676 /* Release */,
			);
			defaultConfigurationIsVisible = 0;
			defaultConfigurationName = Release;
		};
		58B511EF1A9E6C8500147676 /* Build configuration list for PBXNativeTarget "IosContextMenu" */ = {
			isa = XCConfigurationList;
			buildConfigurations = (
				58B511F01A9E6C8500147676 /* Debug */,
				58B511F11A9E6C8500147676 /* Release */,
			);
			defaultConfigurationIsVisible = 0;
			defaultConfigurationName = Release;
		};
/* End XCConfigurationList section */
	};
	rootObject = 58B511D31A9E6C8500147676 /* Project object */;
}
